// !$*UTF8*$!
{
	archiveVersion = 1;
	classes = {
	};
	objectVersion = 46;
	objects = {

/* Begin PBXBuildFile section */
		D3091FB51C56E4C6007CF290 /* Main.storyboard in Resources */ = {isa = PBXBuildFile; fileRef = D3091FB31C56E4C6007CF290 /* Main.storyboard */; };
		D3091FBA1C56E4C6007CF290 /* LaunchScreen.storyboard in Resources */ = {isa = PBXBuildFile; fileRef = D3091FB81C56E4C6007CF290 /* LaunchScreen.storyboard */; };
		D3091FC41C56E50A007CF290 /* Fabric.framework in Frameworks */ = {isa = PBXBuildFile; fileRef = D3091FC21C56E50A007CF290 /* Fabric.framework */; };
		D3091FC51C56E50A007CF290 /* Crashlytics.framework in Frameworks */ = {isa = PBXBuildFile; fileRef = D3091FC31C56E50A007CF290 /* Crashlytics.framework */; };
		D3091FC91C56E54A007CF290 /* TwitterKit.framework in Frameworks */ = {isa = PBXBuildFile; fileRef = D3091FC61C56E54A007CF290 /* TwitterKit.framework */; };
		D3091FCA1C56E54A007CF290 /* TwitterKitResources.bundle in Resources */ = {isa = PBXBuildFile; fileRef = D3091FC71C56E54A007CF290 /* TwitterKitResources.bundle */; };
		D3091FCB1C56E54A007CF290 /* TwitterCore.framework in Frameworks */ = {isa = PBXBuildFile; fileRef = D3091FC81C56E54A007CF290 /* TwitterCore.framework */; };
		D3091FDF1C56E5A3007CF290 /* chat_filled-25.png in Resources */ = {isa = PBXBuildFile; fileRef = D3091FCD1C56E5A3007CF290 /* chat_filled-25.png */; };
		D3091FE31C56E5A3007CF290 /* questionMark.png in Resources */ = {isa = PBXBuildFile; fileRef = D3091FD11C56E5A3007CF290 /* questionMark.png */; };
		D3091FE41C56E5A3007CF290 /* staff-25.png in Resources */ = {isa = PBXBuildFile; fileRef = D3091FD21C56E5A3007CF290 /* staff-25.png */; };
		D3091FE71C56E5A3007CF290 /* stcBuilding_skinny.jpg in Resources */ = {isa = PBXBuildFile; fileRef = D3091FD51C56E5A3007CF290 /* stcBuilding_skinny.jpg */; };
		D3091FE91C56E5A3007CF290 /* stCicon120x120.png in Resources */ = {isa = PBXBuildFile; fileRef = D3091FD71C56E5A3007CF290 /* stCicon120x120.png */; };
		D3091FEA1C56E5A3007CF290 /* StCicon152x152-01.png in Resources */ = {isa = PBXBuildFile; fileRef = D3091FD81C56E5A3007CF290 /* StCicon152x152-01.png */; };
		D3091FED1C56E5A3007CF290 /* StCicon80x80-01.png in Resources */ = {isa = PBXBuildFile; fileRef = D3091FDB1C56E5A3007CF290 /* StCicon80x80-01.png */; };
		D3091FEE1C56E5A3007CF290 /* StCicons87x87-01.png in Resources */ = {isa = PBXBuildFile; fileRef = D3091FDC1C56E5A3007CF290 /* StCicons87x87-01.png */; };
		D3091FEF1C56E5A3007CF290 /* student-25.png in Resources */ = {isa = PBXBuildFile; fileRef = D3091FDD1C56E5A3007CF290 /* student-25.png */; };
		D3091FF01C56E5A3007CF290 /* warehouse_filled-25.png in Resources */ = {isa = PBXBuildFile; fileRef = D3091FDE1C56E5A3007CF290 /* warehouse_filled-25.png */; };
		D309200D1C56E6C3007CF290 /* AnnouncementFilter.swift in Sources */ = {isa = PBXBuildFile; fileRef = D3091FF11C56E6C3007CF290 /* AnnouncementFilter.swift */; };
		D309200E1C56E6C3007CF290 /* AnnouncementsCell.swift in Sources */ = {isa = PBXBuildFile; fileRef = D3091FF21C56E6C3007CF290 /* AnnouncementsCell.swift */; };
		D309200F1C56E6C3007CF290 /* AnnouncementsList.swift in Sources */ = {isa = PBXBuildFile; fileRef = D3091FF31C56E6C3007CF290 /* AnnouncementsList.swift */; };
		D30920101C56E6C3007CF290 /* StcAppDelegate.swift in Sources */ = {isa = PBXBuildFile; fileRef = D3091FF41C56E6C3007CF290 /* StcAppDelegate.swift */; };
		D30920121C56E6C3007CF290 /* LaunchScreen.storyboard in Resources */ = {isa = PBXBuildFile; fileRef = D3091FF71C56E6C3007CF290 /* LaunchScreen.storyboard */; };
		D30920131C56E6C3007CF290 /* Main.storyboard in Resources */ = {isa = PBXBuildFile; fileRef = D3091FF91C56E6C3007CF290 /* Main.storyboard */; };
		D30920191C56E6C3007CF290 /* ListOfStaff.swift in Sources */ = {isa = PBXBuildFile; fileRef = D30920001C56E6C3007CF290 /* ListOfStaff.swift */; };
		D309201A1C56E6C3007CF290 /* NotificationList.swift in Sources */ = {isa = PBXBuildFile; fileRef = D30920011C56E6C3007CF290 /* NotificationList.swift */; };
		D309201C1C56E6C3007CF290 /* PinsOnMap.swift in Sources */ = {isa = PBXBuildFile; fileRef = D30920031C56E6C3007CF290 /* PinsOnMap.swift */; };
		D309201E1C56E6C3007CF290 /* SchoolDataModel.xcdatamodeld in Sources */ = {isa = PBXBuildFile; fileRef = D30920051C56E6C3007CF290 /* SchoolDataModel.xcdatamodeld */; };
		D309201F1C56E6C3007CF290 /* SchoolDetails.swift in Sources */ = {isa = PBXBuildFile; fileRef = D30920071C56E6C3007CF290 /* SchoolDetails.swift */; };
		D30920211C56E6C3007CF290 /* Staff.swift in Sources */ = {isa = PBXBuildFile; fileRef = D30920091C56E6C3007CF290 /* Staff.swift */; };
		D30920221C56E6C3007CF290 /* StaffDetails.swift in Sources */ = {isa = PBXBuildFile; fileRef = D309200A1C56E6C3007CF290 /* StaffDetails.swift */; };
		D30920231C56E6C3007CF290 /* StaffTableViewCell.swift in Sources */ = {isa = PBXBuildFile; fileRef = D309200B1C56E6C3007CF290 /* StaffTableViewCell.swift */; };
		D30920241C56E6C3007CF290 /* Utilities.swift in Sources */ = {isa = PBXBuildFile; fileRef = D309200C1C56E6C3007CF290 /* Utilities.swift */; };
		D317DD131ED3FB6F00182575 /* Info.plist in Resources */ = {isa = PBXBuildFile; fileRef = D317DD121ED3FB6F00182575 /* Info.plist */; };
		D317DD151ED3FD8800182575 /* Default-568h@2x.png in Resources */ = {isa = PBXBuildFile; fileRef = D317DD141ED3FD8800182575 /* Default-568h@2x.png */; };
		D31FE6901CA310E600233E64 /* Assets.xcassets in Resources */ = {isa = PBXBuildFile; fileRef = D31FE68F1CA310E600233E64 /* Assets.xcassets */; };
		D326030D1CBDDE1B00C2FB08 /* AdSupport.framework in Frameworks */ = {isa = PBXBuildFile; fileRef = D326030C1CBDDE1B00C2FB08 /* AdSupport.framework */; };
		D326030F1CBDDE2600C2FB08 /* AudioToolbox.framework in Frameworks */ = {isa = PBXBuildFile; fileRef = D326030E1CBDDE2600C2FB08 /* AudioToolbox.framework */; };
		D32603111CBDDE2E00C2FB08 /* AVFoundation.framework in Frameworks */ = {isa = PBXBuildFile; fileRef = D32603101CBDDE2E00C2FB08 /* AVFoundation.framework */; };
		D32603131CBDDE3900C2FB08 /* CoreGraphics.framework in Frameworks */ = {isa = PBXBuildFile; fileRef = D32603121CBDDE3900C2FB08 /* CoreGraphics.framework */; };
		D32603151CBDDE4200C2FB08 /* CoreMedia.framework in Frameworks */ = {isa = PBXBuildFile; fileRef = D32603141CBDDE4200C2FB08 /* CoreMedia.framework */; };
		D32603171CBDDE4D00C2FB08 /* CoreTelephony.framework in Frameworks */ = {isa = PBXBuildFile; fileRef = D32603161CBDDE4D00C2FB08 /* CoreTelephony.framework */; };
		D32603191CBDDE5800C2FB08 /* EventKit.framework in Frameworks */ = {isa = PBXBuildFile; fileRef = D32603181CBDDE5800C2FB08 /* EventKit.framework */; };
		D326031B1CBDDE6000C2FB08 /* EventKitUI.framework in Frameworks */ = {isa = PBXBuildFile; fileRef = D326031A1CBDDE6000C2FB08 /* EventKitUI.framework */; };
		D326031D1CBDDE6B00C2FB08 /* MediaPlayer.framework in Frameworks */ = {isa = PBXBuildFile; fileRef = D326031C1CBDDE6B00C2FB08 /* MediaPlayer.framework */; };
		D326031F1CBDDE7500C2FB08 /* MessageUI.framework in Frameworks */ = {isa = PBXBuildFile; fileRef = D326031E1CBDDE7500C2FB08 /* MessageUI.framework */; };
		D32603231CBDDE8800C2FB08 /* SystemConfiguration.framework in Frameworks */ = {isa = PBXBuildFile; fileRef = D32603221CBDDE8800C2FB08 /* SystemConfiguration.framework */; };
		D381B75F1EB45E43002D7CD2 /* Test_St_Catherine_School_Seattle_Tests.swift in Sources */ = {isa = PBXBuildFile; fileRef = D381B75E1EB45E43002D7CD2 /* Test_St_Catherine_School_Seattle_Tests.swift */; };
		D381B7B61EB518D0002D7CD2 /* RestApiManager.swift in Sources */ = {isa = PBXBuildFile; fileRef = D381B7B51EB518D0002D7CD2 /* RestApiManager.swift */; };
		D381B7E91EB55209002D7CD2 /* Alamofire.framework in Frameworks */ = {isa = PBXBuildFile; fileRef = D381B7DC1EB5517D002D7CD2 /* Alamofire.framework */; };
		D381B7EA1EB55209002D7CD2 /* Alamofire.framework in Embed Frameworks */ = {isa = PBXBuildFile; fileRef = D381B7DC1EB5517D002D7CD2 /* Alamofire.framework */; settings = {ATTRIBUTES = (CodeSignOnCopy, RemoveHeadersOnCopy, ); }; };
		D382B3AF1EBC435800E4EE8A /* HomeworkDetailsTVC.swift in Sources */ = {isa = PBXBuildFile; fileRef = D382B3AE1EBC435800E4EE8A /* HomeworkDetailsTVC.swift */; };
		D382B3C01EBD493F00E4EE8A /* HomeworkDetailsCell.swift in Sources */ = {isa = PBXBuildFile; fileRef = D382B3BF1EBD493F00E4EE8A /* HomeworkDetailsCell.swift */; };
		D3B5385F1EAEEA2A00C1854D /* ClassroomsTableViewController.swift in Sources */ = {isa = PBXBuildFile; fileRef = D3B5385E1EAEEA2A00C1854D /* ClassroomsTableViewController.swift */; };
		D3B538611EAF1D4700C1854D /* ClassroomDetailsViewController.swift in Sources */ = {isa = PBXBuildFile; fileRef = D3B538601EAF1D4700C1854D /* ClassroomDetailsViewController.swift */; };
		D3F721571ED29C1D0075629F /* SwiftyJSON.framework in Frameworks */ = {isa = PBXBuildFile; fileRef = D3D7D26C1ED29B4C00430AAB /* SwiftyJSON.framework */; };
		D3F721581ED29C1D0075629F /* SwiftyJSON.framework in Embed Frameworks */ = {isa = PBXBuildFile; fileRef = D3D7D26C1ED29B4C00430AAB /* SwiftyJSON.framework */; settings = {ATTRIBUTES = (CodeSignOnCopy, RemoveHeadersOnCopy, ); }; };
/* End PBXBuildFile section */

/* Begin PBXContainerItemProxy section */
		D381B7611EB45E43002D7CD2 /* PBXContainerItemProxy */ = {
			isa = PBXContainerItemProxy;
			containerPortal = D3091FA21C56E4C6007CF290 /* Project object */;
			proxyType = 1;
			remoteGlobalIDString = D3091FA91C56E4C6007CF290;
			remoteInfo = "St Catherine School Seattle";
		};
		D381B7DB1EB5517D002D7CD2 /* PBXContainerItemProxy */ = {
			isa = PBXContainerItemProxy;
			containerPortal = D381B7D01EB5517D002D7CD2 /* Alamofire.xcodeproj */;
			proxyType = 2;
			remoteGlobalIDString = F8111E3319A95C8B0040E7D1;
			remoteInfo = "Alamofire iOS";
		};
		D381B7DD1EB5517D002D7CD2 /* PBXContainerItemProxy */ = {
			isa = PBXContainerItemProxy;
			containerPortal = D381B7D01EB5517D002D7CD2 /* Alamofire.xcodeproj */;
			proxyType = 2;
			remoteGlobalIDString = F8111E3E19A95C8B0040E7D1;
			remoteInfo = "Alamofire iOS Tests";
		};
		D381B7DF1EB5517D002D7CD2 /* PBXContainerItemProxy */ = {
			isa = PBXContainerItemProxy;
			containerPortal = D381B7D01EB5517D002D7CD2 /* Alamofire.xcodeproj */;
			proxyType = 2;
			remoteGlobalIDString = 4DD67C0B1A5C55C900ED2280;
			remoteInfo = "Alamofire macOS";
		};
		D381B7E11EB5517D002D7CD2 /* PBXContainerItemProxy */ = {
			isa = PBXContainerItemProxy;
			containerPortal = D381B7D01EB5517D002D7CD2 /* Alamofire.xcodeproj */;
			proxyType = 2;
			remoteGlobalIDString = F829C6B21A7A94F100A2CD59;
			remoteInfo = "Alamofire macOS Tests";
		};
		D381B7E31EB5517D002D7CD2 /* PBXContainerItemProxy */ = {
			isa = PBXContainerItemProxy;
			containerPortal = D381B7D01EB5517D002D7CD2 /* Alamofire.xcodeproj */;
			proxyType = 2;
			remoteGlobalIDString = 4CF626EF1BA7CB3E0011A099;
			remoteInfo = "Alamofire tvOS";
		};
		D381B7E51EB5517D002D7CD2 /* PBXContainerItemProxy */ = {
			isa = PBXContainerItemProxy;
			containerPortal = D381B7D01EB5517D002D7CD2 /* Alamofire.xcodeproj */;
			proxyType = 2;
			remoteGlobalIDString = 4CF626F81BA7CB3E0011A099;
			remoteInfo = "Alamofire tvOS Tests";
		};
		D381B7E71EB5517D002D7CD2 /* PBXContainerItemProxy */ = {
			isa = PBXContainerItemProxy;
			containerPortal = D381B7D01EB5517D002D7CD2 /* Alamofire.xcodeproj */;
			proxyType = 2;
			remoteGlobalIDString = E4202FE01B667AA100C997FB;
			remoteInfo = "Alamofire watchOS";
		};
		D381B7EB1EB55209002D7CD2 /* PBXContainerItemProxy */ = {
			isa = PBXContainerItemProxy;
			containerPortal = D381B7D01EB5517D002D7CD2 /* Alamofire.xcodeproj */;
			proxyType = 1;
			remoteGlobalIDString = F8111E3219A95C8B0040E7D1;
			remoteInfo = "Alamofire iOS";
		};
		D3D7D26B1ED29B4C00430AAB /* PBXContainerItemProxy */ = {
			isa = PBXContainerItemProxy;
			containerPortal = D3D7D2601ED29B4C00430AAB /* SwiftyJSON.xcodeproj */;
			proxyType = 2;
			remoteGlobalIDString = 2E4FEFDB19575BE100351305;
			remoteInfo = "SwiftyJSON iOS";
		};
		D3D7D26D1ED29B4C00430AAB /* PBXContainerItemProxy */ = {
			isa = PBXContainerItemProxy;
			containerPortal = D3D7D2601ED29B4C00430AAB /* SwiftyJSON.xcodeproj */;
			proxyType = 2;
			remoteGlobalIDString = 2E4FEFE619575BE100351305;
			remoteInfo = "SwiftyJSON iOS Tests";
		};
		D3D7D26F1ED29B4C00430AAB /* PBXContainerItemProxy */ = {
			isa = PBXContainerItemProxy;
			containerPortal = D3D7D2601ED29B4C00430AAB /* SwiftyJSON.xcodeproj */;
			proxyType = 2;
			remoteGlobalIDString = 9C7DFC5B1A9102BD005AA3F7;
			remoteInfo = "SwiftyJSON OSX";
		};
		D3D7D2711ED29B4C00430AAB /* PBXContainerItemProxy */ = {
			isa = PBXContainerItemProxy;
			containerPortal = D3D7D2601ED29B4C00430AAB /* SwiftyJSON.xcodeproj */;
			proxyType = 2;
			remoteGlobalIDString = 9C7DFC651A9102BD005AA3F7;
			remoteInfo = "SwiftyJSON OSX Tests";
		};
		D3D7D2731ED29B4C00430AAB /* PBXContainerItemProxy */ = {
			isa = PBXContainerItemProxy;
			containerPortal = D3D7D2601ED29B4C00430AAB /* SwiftyJSON.xcodeproj */;
			proxyType = 2;
			remoteGlobalIDString = E4D7CCE81B9465A700EE7221;
			remoteInfo = "SwiftyJSON watchOS";
		};
		D3D7D2751ED29B4C00430AAB /* PBXContainerItemProxy */ = {
			isa = PBXContainerItemProxy;
			containerPortal = D3D7D2601ED29B4C00430AAB /* SwiftyJSON.xcodeproj */;
			proxyType = 2;
			remoteGlobalIDString = 7236B4F61BAC14150020529B;
			remoteInfo = "SwiftyJSON tvOS";
		};
		D3D7D2771ED29B4C00430AAB /* PBXContainerItemProxy */ = {
			isa = PBXContainerItemProxy;
			containerPortal = D3D7D2601ED29B4C00430AAB /* SwiftyJSON.xcodeproj */;
			proxyType = 2;
			remoteGlobalIDString = A8580F741BCF5C5B00DA927B;
			remoteInfo = "SwiftyJSON tvOS Tests";
		};
		D3F721591ED29C1D0075629F /* PBXContainerItemProxy */ = {
			isa = PBXContainerItemProxy;
			containerPortal = D3D7D2601ED29B4C00430AAB /* SwiftyJSON.xcodeproj */;
			proxyType = 1;
			remoteGlobalIDString = 2E4FEFDA19575BE100351305;
			remoteInfo = "SwiftyJSON iOS";
		};
/* End PBXContainerItemProxy section */

/* Begin PBXCopyFilesBuildPhase section */
		D381B7ED1EB55209002D7CD2 /* Embed Frameworks */ = {
			isa = PBXCopyFilesBuildPhase;
			buildActionMask = 2147483647;
			dstPath = "";
			dstSubfolderSpec = 10;
			files = (
				D3F721581ED29C1D0075629F /* SwiftyJSON.framework in Embed Frameworks */,
				D381B7EA1EB55209002D7CD2 /* Alamofire.framework in Embed Frameworks */,
			);
			name = "Embed Frameworks";
			runOnlyForDeploymentPostprocessing = 0;
		};
/* End PBXCopyFilesBuildPhase section */

/* Begin PBXFileReference section */
		D3091FAA1C56E4C6007CF290 /* St Catherine School Seattle.app */ = {isa = PBXFileReference; explicitFileType = wrapper.application; includeInIndex = 0; path = "St Catherine School Seattle.app"; sourceTree = BUILT_PRODUCTS_DIR; };
		D3091FB41C56E4C6007CF290 /* Base */ = {isa = PBXFileReference; lastKnownFileType = file.storyboard; name = Base; path = Base.lproj/Main.storyboard; sourceTree = "<group>"; };
		D3091FB91C56E4C6007CF290 /* Base */ = {isa = PBXFileReference; lastKnownFileType = file.storyboard; name = Base; path = Base.lproj/LaunchScreen.storyboard; sourceTree = "<group>"; };
		D3091FC21C56E50A007CF290 /* Fabric.framework */ = {isa = PBXFileReference; lastKnownFileType = wrapper.framework; path = Fabric.framework; sourceTree = "<group>"; };
		D3091FC31C56E50A007CF290 /* Crashlytics.framework */ = {isa = PBXFileReference; lastKnownFileType = wrapper.framework; path = Crashlytics.framework; sourceTree = "<group>"; };
		D3091FC61C56E54A007CF290 /* TwitterKit.framework */ = {isa = PBXFileReference; lastKnownFileType = wrapper.framework; path = TwitterKit.framework; sourceTree = "<group>"; };
		D3091FC71C56E54A007CF290 /* TwitterKitResources.bundle */ = {isa = PBXFileReference; lastKnownFileType = "wrapper.plug-in"; name = TwitterKitResources.bundle; path = TwitterKit.framework/Versions/A/Resources/TwitterKitResources.bundle; sourceTree = "<group>"; };
		D3091FC81C56E54A007CF290 /* TwitterCore.framework */ = {isa = PBXFileReference; lastKnownFileType = wrapper.framework; path = TwitterCore.framework; sourceTree = "<group>"; };
		D3091FCD1C56E5A3007CF290 /* chat_filled-25.png */ = {isa = PBXFileReference; lastKnownFileType = image.png; path = "chat_filled-25.png"; sourceTree = "<group>"; };
		D3091FD11C56E5A3007CF290 /* questionMark.png */ = {isa = PBXFileReference; lastKnownFileType = image.png; path = questionMark.png; sourceTree = "<group>"; };
		D3091FD21C56E5A3007CF290 /* staff-25.png */ = {isa = PBXFileReference; lastKnownFileType = image.png; path = "staff-25.png"; sourceTree = "<group>"; };
		D3091FD51C56E5A3007CF290 /* stcBuilding_skinny.jpg */ = {isa = PBXFileReference; lastKnownFileType = image.jpeg; path = stcBuilding_skinny.jpg; sourceTree = "<group>"; };
		D3091FD71C56E5A3007CF290 /* stCicon120x120.png */ = {isa = PBXFileReference; lastKnownFileType = image.png; path = stCicon120x120.png; sourceTree = "<group>"; };
		D3091FD81C56E5A3007CF290 /* StCicon152x152-01.png */ = {isa = PBXFileReference; lastKnownFileType = image.png; path = "StCicon152x152-01.png"; sourceTree = "<group>"; };
		D3091FDB1C56E5A3007CF290 /* StCicon80x80-01.png */ = {isa = PBXFileReference; lastKnownFileType = image.png; path = "StCicon80x80-01.png"; sourceTree = "<group>"; };
		D3091FDC1C56E5A3007CF290 /* StCicons87x87-01.png */ = {isa = PBXFileReference; lastKnownFileType = image.png; path = "StCicons87x87-01.png"; sourceTree = "<group>"; };
		D3091FDD1C56E5A3007CF290 /* student-25.png */ = {isa = PBXFileReference; lastKnownFileType = image.png; path = "student-25.png"; sourceTree = "<group>"; };
		D3091FDE1C56E5A3007CF290 /* warehouse_filled-25.png */ = {isa = PBXFileReference; lastKnownFileType = image.png; path = "warehouse_filled-25.png"; sourceTree = "<group>"; };
		D3091FF11C56E6C3007CF290 /* AnnouncementFilter.swift */ = {isa = PBXFileReference; fileEncoding = 4; lastKnownFileType = sourcecode.swift; path = AnnouncementFilter.swift; sourceTree = "<group>"; };
		D3091FF21C56E6C3007CF290 /* AnnouncementsCell.swift */ = {isa = PBXFileReference; fileEncoding = 4; lastKnownFileType = sourcecode.swift; path = AnnouncementsCell.swift; sourceTree = "<group>"; };
		D3091FF31C56E6C3007CF290 /* AnnouncementsList.swift */ = {isa = PBXFileReference; fileEncoding = 4; lastKnownFileType = sourcecode.swift; path = AnnouncementsList.swift; sourceTree = "<group>"; };
		D3091FF41C56E6C3007CF290 /* StcAppDelegate.swift */ = {isa = PBXFileReference; fileEncoding = 4; lastKnownFileType = sourcecode.swift; path = StcAppDelegate.swift; sourceTree = "<group>"; };
		D3091FF81C56E6C3007CF290 /* Base */ = {isa = PBXFileReference; lastKnownFileType = file.storyboard; name = Base; path = LaunchScreen.storyboard; sourceTree = "<group>"; };
		D3091FFA1C56E6C3007CF290 /* Base */ = {isa = PBXFileReference; lastKnownFileType = file.storyboard; name = Base; path = Main.storyboard; sourceTree = "<group>"; };
		D30920001C56E6C3007CF290 /* ListOfStaff.swift */ = {isa = PBXFileReference; fileEncoding = 4; lastKnownFileType = sourcecode.swift; path = ListOfStaff.swift; sourceTree = "<group>"; };
		D30920011C56E6C3007CF290 /* NotificationList.swift */ = {isa = PBXFileReference; fileEncoding = 4; lastKnownFileType = sourcecode.swift; path = NotificationList.swift; sourceTree = "<group>"; };
		D30920031C56E6C3007CF290 /* PinsOnMap.swift */ = {isa = PBXFileReference; fileEncoding = 4; lastKnownFileType = sourcecode.swift; path = PinsOnMap.swift; sourceTree = "<group>"; };
		D30920061C56E6C3007CF290 /* SchoolDataModel.xcdatamodel */ = {isa = PBXFileReference; lastKnownFileType = wrapper.xcdatamodel; path = SchoolDataModel.xcdatamodel; sourceTree = "<group>"; };
		D30920071C56E6C3007CF290 /* SchoolDetails.swift */ = {isa = PBXFileReference; fileEncoding = 4; lastKnownFileType = sourcecode.swift; path = SchoolDetails.swift; sourceTree = "<group>"; };
		D30920091C56E6C3007CF290 /* Staff.swift */ = {isa = PBXFileReference; fileEncoding = 4; lastKnownFileType = sourcecode.swift; path = Staff.swift; sourceTree = "<group>"; };
		D309200A1C56E6C3007CF290 /* StaffDetails.swift */ = {isa = PBXFileReference; fileEncoding = 4; lastKnownFileType = sourcecode.swift; path = StaffDetails.swift; sourceTree = "<group>"; };
		D309200B1C56E6C3007CF290 /* StaffTableViewCell.swift */ = {isa = PBXFileReference; fileEncoding = 4; lastKnownFileType = sourcecode.swift; path = StaffTableViewCell.swift; sourceTree = "<group>"; };
		D309200C1C56E6C3007CF290 /* Utilities.swift */ = {isa = PBXFileReference; fileEncoding = 4; lastKnownFileType = sourcecode.swift; path = Utilities.swift; sourceTree = "<group>"; };
		D317DD121ED3FB6F00182575 /* Info.plist */ = {isa = PBXFileReference; lastKnownFileType = text.plist; name = Info.plist; path = "St Catherine School Seattle/Info.plist"; sourceTree = "<group>"; };
		D317DD141ED3FD8800182575 /* Default-568h@2x.png */ = {isa = PBXFileReference; lastKnownFileType = image.png; path = "Default-568h@2x.png"; sourceTree = "<group>"; };
		D31FE68F1CA310E600233E64 /* Assets.xcassets */ = {isa = PBXFileReference; lastKnownFileType = folder.assetcatalog; path = Assets.xcassets; sourceTree = "<group>"; };
		D326030C1CBDDE1B00C2FB08 /* AdSupport.framework */ = {isa = PBXFileReference; lastKnownFileType = wrapper.framework; name = AdSupport.framework; path = System/Library/Frameworks/AdSupport.framework; sourceTree = SDKROOT; };
		D326030E1CBDDE2600C2FB08 /* AudioToolbox.framework */ = {isa = PBXFileReference; lastKnownFileType = wrapper.framework; name = AudioToolbox.framework; path = System/Library/Frameworks/AudioToolbox.framework; sourceTree = SDKROOT; };
		D32603101CBDDE2E00C2FB08 /* AVFoundation.framework */ = {isa = PBXFileReference; lastKnownFileType = wrapper.framework; name = AVFoundation.framework; path = System/Library/Frameworks/AVFoundation.framework; sourceTree = SDKROOT; };
		D32603121CBDDE3900C2FB08 /* CoreGraphics.framework */ = {isa = PBXFileReference; lastKnownFileType = wrapper.framework; name = CoreGraphics.framework; path = System/Library/Frameworks/CoreGraphics.framework; sourceTree = SDKROOT; };
		D32603141CBDDE4200C2FB08 /* CoreMedia.framework */ = {isa = PBXFileReference; lastKnownFileType = wrapper.framework; name = CoreMedia.framework; path = System/Library/Frameworks/CoreMedia.framework; sourceTree = SDKROOT; };
		D32603161CBDDE4D00C2FB08 /* CoreTelephony.framework */ = {isa = PBXFileReference; lastKnownFileType = wrapper.framework; name = CoreTelephony.framework; path = System/Library/Frameworks/CoreTelephony.framework; sourceTree = SDKROOT; };
		D32603181CBDDE5800C2FB08 /* EventKit.framework */ = {isa = PBXFileReference; lastKnownFileType = wrapper.framework; name = EventKit.framework; path = System/Library/Frameworks/EventKit.framework; sourceTree = SDKROOT; };
		D326031A1CBDDE6000C2FB08 /* EventKitUI.framework */ = {isa = PBXFileReference; lastKnownFileType = wrapper.framework; name = EventKitUI.framework; path = System/Library/Frameworks/EventKitUI.framework; sourceTree = SDKROOT; };
		D326031C1CBDDE6B00C2FB08 /* MediaPlayer.framework */ = {isa = PBXFileReference; lastKnownFileType = wrapper.framework; name = MediaPlayer.framework; path = System/Library/Frameworks/MediaPlayer.framework; sourceTree = SDKROOT; };
		D326031E1CBDDE7500C2FB08 /* MessageUI.framework */ = {isa = PBXFileReference; lastKnownFileType = wrapper.framework; name = MessageUI.framework; path = System/Library/Frameworks/MessageUI.framework; sourceTree = SDKROOT; };
		D32603221CBDDE8800C2FB08 /* SystemConfiguration.framework */ = {isa = PBXFileReference; lastKnownFileType = wrapper.framework; name = SystemConfiguration.framework; path = System/Library/Frameworks/SystemConfiguration.framework; sourceTree = SDKROOT; };
		D381B7561EB45D2E002D7CD2 /* XCTest.framework */ = {isa = PBXFileReference; lastKnownFileType = wrapper.framework; name = XCTest.framework; path = Platforms/iPhoneOS.platform/Developer/Library/Frameworks/XCTest.framework; sourceTree = DEVELOPER_DIR; };
		D381B75C1EB45E43002D7CD2 /* Test St Catherine School Seattle Tests.xctest */ = {isa = PBXFileReference; explicitFileType = wrapper.cfbundle; includeInIndex = 0; path = "Test St Catherine School Seattle Tests.xctest"; sourceTree = BUILT_PRODUCTS_DIR; };
		D381B75E1EB45E43002D7CD2 /* Test_St_Catherine_School_Seattle_Tests.swift */ = {isa = PBXFileReference; lastKnownFileType = sourcecode.swift; path = Test_St_Catherine_School_Seattle_Tests.swift; sourceTree = "<group>"; };
		D381B7601EB45E43002D7CD2 /* Info.plist */ = {isa = PBXFileReference; lastKnownFileType = text.plist.xml; path = Info.plist; sourceTree = "<group>"; };
		D381B7B51EB518D0002D7CD2 /* RestApiManager.swift */ = {isa = PBXFileReference; fileEncoding = 4; lastKnownFileType = sourcecode.swift; name = RestApiManager.swift; path = Dependencies/RestApiManager.swift; sourceTree = "<group>"; };
		D381B7D01EB5517D002D7CD2 /* Alamofire.xcodeproj */ = {isa = PBXFileReference; lastKnownFileType = "wrapper.pb-project"; name = Alamofire.xcodeproj; path = Alamofire/Alamofire.xcodeproj; sourceTree = "<group>"; };
		D382B3AE1EBC435800E4EE8A /* HomeworkDetailsTVC.swift */ = {isa = PBXFileReference; fileEncoding = 4; lastKnownFileType = sourcecode.swift; name = HomeworkDetailsTVC.swift; path = "St Catherine School Seattle/HomeworkDetailsTVC.swift"; sourceTree = SOURCE_ROOT; };
		D382B3BF1EBD493F00E4EE8A /* HomeworkDetailsCell.swift */ = {isa = PBXFileReference; fileEncoding = 4; lastKnownFileType = sourcecode.swift; path = HomeworkDetailsCell.swift; sourceTree = "<group>"; };
		D3B5385E1EAEEA2A00C1854D /* ClassroomsTableViewController.swift */ = {isa = PBXFileReference; fileEncoding = 4; lastKnownFileType = sourcecode.swift; path = ClassroomsTableViewController.swift; sourceTree = "<group>"; };
		D3B538601EAF1D4700C1854D /* ClassroomDetailsViewController.swift */ = {isa = PBXFileReference; fileEncoding = 4; lastKnownFileType = sourcecode.swift; path = ClassroomDetailsViewController.swift; sourceTree = "<group>"; };
		D3D7D2601ED29B4C00430AAB /* SwiftyJSON.xcodeproj */ = {isa = PBXFileReference; lastKnownFileType = "wrapper.pb-project"; name = SwiftyJSON.xcodeproj; path = "SwiftyJSON-master/SwiftyJSON.xcodeproj"; sourceTree = "<group>"; };
/* End PBXFileReference section */

/* Begin PBXFrameworksBuildPhase section */
		D3091FA71C56E4C6007CF290 /* Frameworks */ = {
			isa = PBXFrameworksBuildPhase;
			buildActionMask = 2147483647;
			files = (
				D32603231CBDDE8800C2FB08 /* SystemConfiguration.framework in Frameworks */,
				D3F721571ED29C1D0075629F /* SwiftyJSON.framework in Frameworks */,
				D326031F1CBDDE7500C2FB08 /* MessageUI.framework in Frameworks */,
				D326031D1CBDDE6B00C2FB08 /* MediaPlayer.framework in Frameworks */,
				D326031B1CBDDE6000C2FB08 /* EventKitUI.framework in Frameworks */,
				D32603191CBDDE5800C2FB08 /* EventKit.framework in Frameworks */,
				D32603171CBDDE4D00C2FB08 /* CoreTelephony.framework in Frameworks */,
				D32603151CBDDE4200C2FB08 /* CoreMedia.framework in Frameworks */,
				D32603131CBDDE3900C2FB08 /* CoreGraphics.framework in Frameworks */,
				D32603111CBDDE2E00C2FB08 /* AVFoundation.framework in Frameworks */,
				D381B7E91EB55209002D7CD2 /* Alamofire.framework in Frameworks */,
				D326030F1CBDDE2600C2FB08 /* AudioToolbox.framework in Frameworks */,
				D326030D1CBDDE1B00C2FB08 /* AdSupport.framework in Frameworks */,
				D3091FC51C56E50A007CF290 /* Crashlytics.framework in Frameworks */,
				D3091FCB1C56E54A007CF290 /* TwitterCore.framework in Frameworks */,
				D3091FC41C56E50A007CF290 /* Fabric.framework in Frameworks */,
				D3091FC91C56E54A007CF290 /* TwitterKit.framework in Frameworks */,
			);
			runOnlyForDeploymentPostprocessing = 0;
		};
		D381B7591EB45E43002D7CD2 /* Frameworks */ = {
			isa = PBXFrameworksBuildPhase;
			buildActionMask = 2147483647;
			files = (
			);
			runOnlyForDeploymentPostprocessing = 0;
		};
/* End PBXFrameworksBuildPhase section */

/* Begin PBXGroup section */
		D3091FA11C56E4C6007CF290 = {
			isa = PBXGroup;
			children = (
				D317DD141ED3FD8800182575 /* Default-568h@2x.png */,
				D317DD121ED3FB6F00182575 /* Info.plist */,
				D381B7D01EB5517D002D7CD2 /* Alamofire.xcodeproj */,
				D3D7D2601ED29B4C00430AAB /* SwiftyJSON.xcodeproj */,
				D32603221CBDDE8800C2FB08 /* SystemConfiguration.framework */,
				D326031E1CBDDE7500C2FB08 /* MessageUI.framework */,
				D326031C1CBDDE6B00C2FB08 /* MediaPlayer.framework */,
				D326031A1CBDDE6000C2FB08 /* EventKitUI.framework */,
				D32603181CBDDE5800C2FB08 /* EventKit.framework */,
				D32603161CBDDE4D00C2FB08 /* CoreTelephony.framework */,
				D32603141CBDDE4200C2FB08 /* CoreMedia.framework */,
				D32603121CBDDE3900C2FB08 /* CoreGraphics.framework */,
				D32603101CBDDE2E00C2FB08 /* AVFoundation.framework */,
				D326030E1CBDDE2600C2FB08 /* AudioToolbox.framework */,
				D326030C1CBDDE1B00C2FB08 /* AdSupport.framework */,
				D3091FAC1C56E4C6007CF290 /* St Catherine School Seattle */,
				D381B75D1EB45E43002D7CD2 /* Test St Catherine School Seattle Tests */,
				D3091FAB1C56E4C6007CF290 /* Products */,
				D3091FC61C56E54A007CF290 /* TwitterKit.framework */,
				D3091FC71C56E54A007CF290 /* TwitterKitResources.bundle */,
				D3091FC81C56E54A007CF290 /* TwitterCore.framework */,
				D3091FC21C56E50A007CF290 /* Fabric.framework */,
				D3091FC31C56E50A007CF290 /* Crashlytics.framework */,
				D381B7551EB45D2E002D7CD2 /* Frameworks */,
			);
			sourceTree = "<group>";
		};
		D3091FAB1C56E4C6007CF290 /* Products */ = {
			isa = PBXGroup;
			children = (
				D3091FAA1C56E4C6007CF290 /* St Catherine School Seattle.app */,
				D381B75C1EB45E43002D7CD2 /* Test St Catherine School Seattle Tests.xctest */,
			);
			name = Products;
			sourceTree = "<group>";
		};
		D3091FAC1C56E4C6007CF290 /* St Catherine School Seattle */ = {
			isa = PBXGroup;
			children = (
				D3D7D2581ECC247B00430AAB /* Twitter */,
				D348995D1EC405050045D4FB /* staff */,
				D3B5385D1EAEE4CE00C1854D /* classrooms */,
				D3091FF41C56E6C3007CF290 /* StcAppDelegate.swift */,
				D381B7B41EB51895002D7CD2 /* dependencies */,
				D3091FF61C56E6C3007CF290 /* Base.lproj */,
				D30920011C56E6C3007CF290 /* NotificationList.swift */,
				D30920031C56E6C3007CF290 /* PinsOnMap.swift */,
				D30920051C56E6C3007CF290 /* SchoolDataModel.xcdatamodeld */,
				D30920071C56E6C3007CF290 /* SchoolDetails.swift */,
				D3091FCC1C56E5A3007CF290 /* Assets */,
				D3091FB31C56E4C6007CF290 /* Main.storyboard */,
				D3091FB81C56E4C6007CF290 /* LaunchScreen.storyboard */,
			);
			path = "St Catherine School Seattle";
			sourceTree = "<group>";
		};
		D3091FCC1C56E5A3007CF290 /* Assets */ = {
			isa = PBXGroup;
			children = (
				D35D982C1C766CFE00B48C3E /* staffPics */,
				D3091FCD1C56E5A3007CF290 /* chat_filled-25.png */,
				D3091FD11C56E5A3007CF290 /* questionMark.png */,
				D3091FD21C56E5A3007CF290 /* staff-25.png */,
				D3091FD51C56E5A3007CF290 /* stcBuilding_skinny.jpg */,
				D3091FD71C56E5A3007CF290 /* stCicon120x120.png */,
				D3091FD81C56E5A3007CF290 /* StCicon152x152-01.png */,
				D3091FDB1C56E5A3007CF290 /* StCicon80x80-01.png */,
				D3091FDC1C56E5A3007CF290 /* StCicons87x87-01.png */,
				D3091FDD1C56E5A3007CF290 /* student-25.png */,
				D3091FDE1C56E5A3007CF290 /* warehouse_filled-25.png */,
				D31FE68F1CA310E600233E64 /* Assets.xcassets */,
			);
			path = Assets;
			sourceTree = "<group>";
		};
		D3091FF61C56E6C3007CF290 /* Base.lproj */ = {
			isa = PBXGroup;
			children = (
				D3091FF71C56E6C3007CF290 /* LaunchScreen.storyboard */,
				D3091FF91C56E6C3007CF290 /* Main.storyboard */,
			);
			path = Base.lproj;
			sourceTree = "<group>";
		};
		D348995D1EC405050045D4FB /* staff */ = {
			isa = PBXGroup;
			children = (
				D30920091C56E6C3007CF290 /* Staff.swift */,
				D309200A1C56E6C3007CF290 /* StaffDetails.swift */,
				D309200B1C56E6C3007CF290 /* StaffTableViewCell.swift */,
				D30920001C56E6C3007CF290 /* ListOfStaff.swift */,
			);
			name = staff;
			sourceTree = "<group>";
		};
		D35D982C1C766CFE00B48C3E /* staffPics */ = {
			isa = PBXGroup;
			children = (
			);
			name = staffPics;
			sourceTree = "<group>";
		};
		D381B7551EB45D2E002D7CD2 /* Frameworks */ = {
			isa = PBXGroup;
			children = (
				D381B7561EB45D2E002D7CD2 /* XCTest.framework */,
			);
			name = Frameworks;
			sourceTree = "<group>";
		};
		D381B75D1EB45E43002D7CD2 /* Test St Catherine School Seattle Tests */ = {
			isa = PBXGroup;
			children = (
				D381B75E1EB45E43002D7CD2 /* Test_St_Catherine_School_Seattle_Tests.swift */,
				D381B7601EB45E43002D7CD2 /* Info.plist */,
			);
			path = "Test St Catherine School Seattle Tests";
			sourceTree = "<group>";
		};
		D381B7B41EB51895002D7CD2 /* dependencies */ = {
			isa = PBXGroup;
			children = (
				D309200C1C56E6C3007CF290 /* Utilities.swift */,
				D381B7B51EB518D0002D7CD2 /* RestApiManager.swift */,
			);
			name = dependencies;
			sourceTree = "<group>";
		};
		D381B7D11EB5517D002D7CD2 /* Products */ = {
			isa = PBXGroup;
			children = (
				D381B7DC1EB5517D002D7CD2 /* Alamofire.framework */,
				D381B7DE1EB5517D002D7CD2 /* Alamofire iOS Tests.xctest */,
				D381B7E01EB5517D002D7CD2 /* Alamofire.framework */,
				D381B7E21EB5517D002D7CD2 /* Alamofire macOS Tests.xctest */,
				D381B7E41EB5517D002D7CD2 /* Alamofire.framework */,
				D381B7E61EB5517D002D7CD2 /* Alamofire tvOS Tests.xctest */,
				D381B7E81EB5517D002D7CD2 /* Alamofire.framework */,
			);
			name = Products;
			sourceTree = "<group>";
		};
		D3B5385D1EAEE4CE00C1854D /* classrooms */ = {
			isa = PBXGroup;
			children = (
				D3B5385E1EAEEA2A00C1854D /* ClassroomsTableViewController.swift */,
				D3B538601EAF1D4700C1854D /* ClassroomDetailsViewController.swift */,
				D382B3AE1EBC435800E4EE8A /* HomeworkDetailsTVC.swift */,
				D382B3BF1EBD493F00E4EE8A /* HomeworkDetailsCell.swift */,
			);
			name = classrooms;
			sourceTree = "<group>";
		};
		D3D7D2581ECC247B00430AAB /* Twitter */ = {
			isa = PBXGroup;
			children = (
				D3091FF11C56E6C3007CF290 /* AnnouncementFilter.swift */,
				D3091FF21C56E6C3007CF290 /* AnnouncementsCell.swift */,
				D3091FF31C56E6C3007CF290 /* AnnouncementsList.swift */,
			);
			name = Twitter;
			sourceTree = "<group>";
		};
		D3D7D2611ED29B4C00430AAB /* Products */ = {
			isa = PBXGroup;
			children = (
				D3D7D26C1ED29B4C00430AAB /* SwiftyJSON.framework */,
				D3D7D26E1ED29B4C00430AAB /* SwiftyJSON iOS Tests.xctest */,
				D3D7D2701ED29B4C00430AAB /* SwiftyJSON.framework */,
				D3D7D2721ED29B4C00430AAB /* SwiftyJSON OSX Tests.xctest */,
				D3D7D2741ED29B4C00430AAB /* SwiftyJSON.framework */,
				D3D7D2761ED29B4C00430AAB /* SwiftyJSON.framework */,
				D3D7D2781ED29B4C00430AAB /* SwiftyJSON tvOS Tests.xctest */,
			);
			name = Products;
			sourceTree = "<group>";
		};
/* End PBXGroup section */

/* Begin PBXNativeTarget section */
		D3091FA91C56E4C6007CF290 /* St Catherine School Seattle */ = {
			isa = PBXNativeTarget;
			buildConfigurationList = D3091FBE1C56E4C6007CF290 /* Build configuration list for PBXNativeTarget "St Catherine School Seattle" */;
			buildPhases = (
				D3091FA61C56E4C6007CF290 /* Sources */,
				D3091FA71C56E4C6007CF290 /* Frameworks */,
				D3091FA81C56E4C6007CF290 /* Resources */,
				D3091FC11C56E4F3007CF290 /* ShellScript */,
				D381B7ED1EB55209002D7CD2 /* Embed Frameworks */,
			);
			buildRules = (
			);
			dependencies = (
				D381B7EC1EB55209002D7CD2 /* PBXTargetDependency */,
				D3F7215A1ED29C1D0075629F /* PBXTargetDependency */,
			);
			name = "St Catherine School Seattle";
			productName = "St Catherine School Seattle";
			productReference = D3091FAA1C56E4C6007CF290 /* St Catherine School Seattle.app */;
			productType = "com.apple.product-type.application";
		};
		D381B75B1EB45E43002D7CD2 /* Test St Catherine School Seattle Tests */ = {
			isa = PBXNativeTarget;
			buildConfigurationList = D381B7631EB45E43002D7CD2 /* Build configuration list for PBXNativeTarget "Test St Catherine School Seattle Tests" */;
			buildPhases = (
				D381B7581EB45E43002D7CD2 /* Sources */,
				D381B7591EB45E43002D7CD2 /* Frameworks */,
				D381B75A1EB45E43002D7CD2 /* Resources */,
			);
			buildRules = (
			);
			dependencies = (
				D381B7621EB45E43002D7CD2 /* PBXTargetDependency */,
			);
			name = "Test St Catherine School Seattle Tests";
			productName = "Test St Catherine School Seattle Tests";
			productReference = D381B75C1EB45E43002D7CD2 /* Test St Catherine School Seattle Tests.xctest */;
			productType = "com.apple.product-type.bundle.unit-test";
		};
/* End PBXNativeTarget section */

/* Begin PBXProject section */
		D3091FA21C56E4C6007CF290 /* Project object */ = {
			isa = PBXProject;
			attributes = {
				LastSwiftUpdateCheck = 0820;
				LastUpgradeCheck = 0820;
				ORGANIZATIONNAME = "Joe Dog Productions";
				TargetAttributes = {
					D3091FA91C56E4C6007CF290 = {
						CreatedOnToolsVersion = 7.2;
						DevelopmentTeam = P2U22T7Y9U;
						LastSwiftMigration = 0800;
						ProvisioningStyle = Automatic;
						SystemCapabilities = {
							com.apple.InAppPurchase = {
								enabled = 0;
							};
						};
					};
					D381B75B1EB45E43002D7CD2 = {
						CreatedOnToolsVersion = 8.2.1;
						ProvisioningStyle = Automatic;
						TestTargetID = D3091FA91C56E4C6007CF290;
					};
				};
			};
			buildConfigurationList = D3091FA51C56E4C6007CF290 /* Build configuration list for PBXProject "St Catherine School Seattle" */;
			compatibilityVersion = "Xcode 3.2";
			developmentRegion = English;
			hasScannedForEncodings = 0;
			knownRegions = (
				en,
				Base,
			);
			mainGroup = D3091FA11C56E4C6007CF290;
			productRefGroup = D3091FAB1C56E4C6007CF290 /* Products */;
			projectDirPath = "";
			projectReferences = (
				{
					ProductGroup = D381B7D11EB5517D002D7CD2 /* Products */;
					ProjectRef = D381B7D01EB5517D002D7CD2 /* Alamofire.xcodeproj */;
				},
				{
					ProductGroup = D3D7D2611ED29B4C00430AAB /* Products */;
					ProjectRef = D3D7D2601ED29B4C00430AAB /* SwiftyJSON.xcodeproj */;
				},
			);
			projectRoot = "";
			targets = (
				D3091FA91C56E4C6007CF290 /* St Catherine School Seattle */,
				D381B75B1EB45E43002D7CD2 /* Test St Catherine School Seattle Tests */,
			);
		};
/* End PBXProject section */

/* Begin PBXReferenceProxy section */
		D381B7DC1EB5517D002D7CD2 /* Alamofire.framework */ = {
			isa = PBXReferenceProxy;
			fileType = wrapper.framework;
			path = Alamofire.framework;
			remoteRef = D381B7DB1EB5517D002D7CD2 /* PBXContainerItemProxy */;
			sourceTree = BUILT_PRODUCTS_DIR;
		};
		D381B7DE1EB5517D002D7CD2 /* Alamofire iOS Tests.xctest */ = {
			isa = PBXReferenceProxy;
			fileType = wrapper.cfbundle;
			path = "Alamofire iOS Tests.xctest";
			remoteRef = D381B7DD1EB5517D002D7CD2 /* PBXContainerItemProxy */;
			sourceTree = BUILT_PRODUCTS_DIR;
		};
		D381B7E01EB5517D002D7CD2 /* Alamofire.framework */ = {
			isa = PBXReferenceProxy;
			fileType = wrapper.framework;
			path = Alamofire.framework;
			remoteRef = D381B7DF1EB5517D002D7CD2 /* PBXContainerItemProxy */;
			sourceTree = BUILT_PRODUCTS_DIR;
		};
		D381B7E21EB5517D002D7CD2 /* Alamofire macOS Tests.xctest */ = {
			isa = PBXReferenceProxy;
			fileType = wrapper.cfbundle;
			path = "Alamofire macOS Tests.xctest";
			remoteRef = D381B7E11EB5517D002D7CD2 /* PBXContainerItemProxy */;
			sourceTree = BUILT_PRODUCTS_DIR;
		};
		D381B7E41EB5517D002D7CD2 /* Alamofire.framework */ = {
			isa = PBXReferenceProxy;
			fileType = wrapper.framework;
			path = Alamofire.framework;
			remoteRef = D381B7E31EB5517D002D7CD2 /* PBXContainerItemProxy */;
			sourceTree = BUILT_PRODUCTS_DIR;
		};
		D381B7E61EB5517D002D7CD2 /* Alamofire tvOS Tests.xctest */ = {
			isa = PBXReferenceProxy;
			fileType = wrapper.cfbundle;
			path = "Alamofire tvOS Tests.xctest";
			remoteRef = D381B7E51EB5517D002D7CD2 /* PBXContainerItemProxy */;
			sourceTree = BUILT_PRODUCTS_DIR;
		};
		D381B7E81EB5517D002D7CD2 /* Alamofire.framework */ = {
			isa = PBXReferenceProxy;
			fileType = wrapper.framework;
			path = Alamofire.framework;
			remoteRef = D381B7E71EB5517D002D7CD2 /* PBXContainerItemProxy */;
			sourceTree = BUILT_PRODUCTS_DIR;
		};
		D3D7D26C1ED29B4C00430AAB /* SwiftyJSON.framework */ = {
			isa = PBXReferenceProxy;
			fileType = wrapper.framework;
			path = SwiftyJSON.framework;
			remoteRef = D3D7D26B1ED29B4C00430AAB /* PBXContainerItemProxy */;
			sourceTree = BUILT_PRODUCTS_DIR;
		};
		D3D7D26E1ED29B4C00430AAB /* SwiftyJSON iOS Tests.xctest */ = {
			isa = PBXReferenceProxy;
			fileType = wrapper.cfbundle;
			path = "SwiftyJSON iOS Tests.xctest";
			remoteRef = D3D7D26D1ED29B4C00430AAB /* PBXContainerItemProxy */;
			sourceTree = BUILT_PRODUCTS_DIR;
		};
		D3D7D2701ED29B4C00430AAB /* SwiftyJSON.framework */ = {
			isa = PBXReferenceProxy;
			fileType = wrapper.framework;
			path = SwiftyJSON.framework;
			remoteRef = D3D7D26F1ED29B4C00430AAB /* PBXContainerItemProxy */;
			sourceTree = BUILT_PRODUCTS_DIR;
		};
		D3D7D2721ED29B4C00430AAB /* SwiftyJSON OSX Tests.xctest */ = {
			isa = PBXReferenceProxy;
			fileType = wrapper.cfbundle;
			path = "SwiftyJSON OSX Tests.xctest";
			remoteRef = D3D7D2711ED29B4C00430AAB /* PBXContainerItemProxy */;
			sourceTree = BUILT_PRODUCTS_DIR;
		};
		D3D7D2741ED29B4C00430AAB /* SwiftyJSON.framework */ = {
			isa = PBXReferenceProxy;
			fileType = wrapper.framework;
			path = SwiftyJSON.framework;
			remoteRef = D3D7D2731ED29B4C00430AAB /* PBXContainerItemProxy */;
			sourceTree = BUILT_PRODUCTS_DIR;
		};
		D3D7D2761ED29B4C00430AAB /* SwiftyJSON.framework */ = {
			isa = PBXReferenceProxy;
			fileType = wrapper.framework;
			path = SwiftyJSON.framework;
			remoteRef = D3D7D2751ED29B4C00430AAB /* PBXContainerItemProxy */;
			sourceTree = BUILT_PRODUCTS_DIR;
		};
		D3D7D2781ED29B4C00430AAB /* SwiftyJSON tvOS Tests.xctest */ = {
			isa = PBXReferenceProxy;
			fileType = wrapper.cfbundle;
			path = "SwiftyJSON tvOS Tests.xctest";
			remoteRef = D3D7D2771ED29B4C00430AAB /* PBXContainerItemProxy */;
			sourceTree = BUILT_PRODUCTS_DIR;
		};
/* End PBXReferenceProxy section */

/* Begin PBXResourcesBuildPhase section */
		D3091FA81C56E4C6007CF290 /* Resources */ = {
			isa = PBXResourcesBuildPhase;
			buildActionMask = 2147483647;
			files = (
				D3091FEF1C56E5A3007CF290 /* student-25.png in Resources */,
				D30920131C56E6C3007CF290 /* Main.storyboard in Resources */,
				D31FE6901CA310E600233E64 /* Assets.xcassets in Resources */,
				D3091FEA1C56E5A3007CF290 /* StCicon152x152-01.png in Resources */,
				D3091FCA1C56E54A007CF290 /* TwitterKitResources.bundle in Resources */,
				D3091FE91C56E5A3007CF290 /* stCicon120x120.png in Resources */,
				D30920121C56E6C3007CF290 /* LaunchScreen.storyboard in Resources */,
				D3091FE41C56E5A3007CF290 /* staff-25.png in Resources */,
				D3091FDF1C56E5A3007CF290 /* chat_filled-25.png in Resources */,
				D3091FBA1C56E4C6007CF290 /* LaunchScreen.storyboard in Resources */,
				D317DD131ED3FB6F00182575 /* Info.plist in Resources */,
				D317DD151ED3FD8800182575 /* Default-568h@2x.png in Resources */,
				D3091FED1C56E5A3007CF290 /* StCicon80x80-01.png in Resources */,
				D3091FE31C56E5A3007CF290 /* questionMark.png in Resources */,
				D3091FF01C56E5A3007CF290 /* warehouse_filled-25.png in Resources */,
				D3091FEE1C56E5A3007CF290 /* StCicons87x87-01.png in Resources */,
				D3091FB51C56E4C6007CF290 /* Main.storyboard in Resources */,
				D3091FE71C56E5A3007CF290 /* stcBuilding_skinny.jpg in Resources */,
			);
			runOnlyForDeploymentPostprocessing = 0;
		};
		D381B75A1EB45E43002D7CD2 /* Resources */ = {
			isa = PBXResourcesBuildPhase;
			buildActionMask = 2147483647;
			files = (
			);
			runOnlyForDeploymentPostprocessing = 0;
		};
/* End PBXResourcesBuildPhase section */

/* Begin PBXShellScriptBuildPhase section */
		D3091FC11C56E4F3007CF290 /* ShellScript */ = {
			isa = PBXShellScriptBuildPhase;
			buildActionMask = 2147483647;
			files = (
			);
			inputPaths = (
			);
			outputPaths = (
			);
			runOnlyForDeploymentPostprocessing = 0;
			shellPath = /bin/sh;
			shellScript = "./Fabric.framework/run fbdc599eb9a6498de5740e2b511581f8b61e53c8 254ff76b7d5d30df2177922043f7fd3679af8a0e873348e7405bde099bfa98c0";
		};
/* End PBXShellScriptBuildPhase section */

/* Begin PBXSourcesBuildPhase section */
		D3091FA61C56E4C6007CF290 /* Sources */ = {
			isa = PBXSourcesBuildPhase;
			buildActionMask = 2147483647;
			files = (
				D30920101C56E6C3007CF290 /* StcAppDelegate.swift in Sources */,
				D309200E1C56E6C3007CF290 /* AnnouncementsCell.swift in Sources */,
				D3B5385F1EAEEA2A00C1854D /* ClassroomsTableViewController.swift in Sources */,
				D30920241C56E6C3007CF290 /* Utilities.swift in Sources */,
				D30920191C56E6C3007CF290 /* ListOfStaff.swift in Sources */,
				D381B7B61EB518D0002D7CD2 /* RestApiManager.swift in Sources */,
				D309201A1C56E6C3007CF290 /* NotificationList.swift in Sources */,
				D309201F1C56E6C3007CF290 /* SchoolDetails.swift in Sources */,
				D309201E1C56E6C3007CF290 /* SchoolDataModel.xcdatamodeld in Sources */,
				D309200D1C56E6C3007CF290 /* AnnouncementFilter.swift in Sources */,
				D30920221C56E6C3007CF290 /* StaffDetails.swift in Sources */,
				D309201C1C56E6C3007CF290 /* PinsOnMap.swift in Sources */,
				D30920211C56E6C3007CF290 /* Staff.swift in Sources */,
				D309200F1C56E6C3007CF290 /* AnnouncementsList.swift in Sources */,
				D382B3C01EBD493F00E4EE8A /* HomeworkDetailsCell.swift in Sources */,
				D30920231C56E6C3007CF290 /* StaffTableViewCell.swift in Sources */,
				D382B3AF1EBC435800E4EE8A /* HomeworkDetailsTVC.swift in Sources */,
				D3B538611EAF1D4700C1854D /* ClassroomDetailsViewController.swift in Sources */,
			);
			runOnlyForDeploymentPostprocessing = 0;
		};
		D381B7581EB45E43002D7CD2 /* Sources */ = {
			isa = PBXSourcesBuildPhase;
			buildActionMask = 2147483647;
			files = (
				D381B75F1EB45E43002D7CD2 /* Test_St_Catherine_School_Seattle_Tests.swift in Sources */,
			);
			runOnlyForDeploymentPostprocessing = 0;
		};
/* End PBXSourcesBuildPhase section */

/* Begin PBXTargetDependency section */
		D381B7621EB45E43002D7CD2 /* PBXTargetDependency */ = {
			isa = PBXTargetDependency;
			target = D3091FA91C56E4C6007CF290 /* St Catherine School Seattle */;
			targetProxy = D381B7611EB45E43002D7CD2 /* PBXContainerItemProxy */;
		};
		D381B7EC1EB55209002D7CD2 /* PBXTargetDependency */ = {
			isa = PBXTargetDependency;
			name = "Alamofire iOS";
			targetProxy = D381B7EB1EB55209002D7CD2 /* PBXContainerItemProxy */;
		};
		D3F7215A1ED29C1D0075629F /* PBXTargetDependency */ = {
			isa = PBXTargetDependency;
			name = "SwiftyJSON iOS";
			targetProxy = D3F721591ED29C1D0075629F /* PBXContainerItemProxy */;
		};
/* End PBXTargetDependency section */

/* Begin PBXVariantGroup section */
		D3091FB31C56E4C6007CF290 /* Main.storyboard */ = {
			isa = PBXVariantGroup;
			children = (
				D3091FB41C56E4C6007CF290 /* Base */,
			);
			name = Main.storyboard;
			sourceTree = "<group>";
		};
		D3091FB81C56E4C6007CF290 /* LaunchScreen.storyboard */ = {
			isa = PBXVariantGroup;
			children = (
				D3091FB91C56E4C6007CF290 /* Base */,
			);
			name = LaunchScreen.storyboard;
			sourceTree = "<group>";
		};
		D3091FF71C56E6C3007CF290 /* LaunchScreen.storyboard */ = {
			isa = PBXVariantGroup;
			children = (
				D3091FF81C56E6C3007CF290 /* Base */,
			);
			name = LaunchScreen.storyboard;
			sourceTree = "<group>";
		};
		D3091FF91C56E6C3007CF290 /* Main.storyboard */ = {
			isa = PBXVariantGroup;
			children = (
				D3091FFA1C56E6C3007CF290 /* Base */,
			);
			name = Main.storyboard;
			sourceTree = "<group>";
		};
/* End PBXVariantGroup section */

/* Begin XCBuildConfiguration section */
		D3091FBC1C56E4C6007CF290 /* Debug */ = {
			isa = XCBuildConfiguration;
			buildSettings = {
				ALWAYS_SEARCH_USER_PATHS = NO;
				CLANG_CXX_LANGUAGE_STANDARD = "gnu++0x";
				CLANG_CXX_LIBRARY = "libc++";
				CLANG_ENABLE_MODULES = YES;
				CLANG_ENABLE_OBJC_ARC = YES;
				CLANG_WARN_BOOL_CONVERSION = YES;
				CLANG_WARN_CONSTANT_CONVERSION = YES;
				CLANG_WARN_DIRECT_OBJC_ISA_USAGE = YES_ERROR;
				CLANG_WARN_EMPTY_BODY = YES;
				CLANG_WARN_ENUM_CONVERSION = YES;
				CLANG_WARN_INFINITE_RECURSION = YES;
				CLANG_WARN_INT_CONVERSION = YES;
				CLANG_WARN_OBJC_ROOT_CLASS = YES_ERROR;
				CLANG_WARN_SUSPICIOUS_MOVE = YES;
				CLANG_WARN_UNREACHABLE_CODE = YES;
				CLANG_WARN__DUPLICATE_METHOD_MATCH = YES;
				CODE_SIGN_IDENTITY = "iPhone Developer";
				"CODE_SIGN_IDENTITY[sdk=iphoneos*]" = "iPhone Distribution";
				COPY_PHASE_STRIP = NO;
				DEBUG_INFORMATION_FORMAT = dwarf;
				ENABLE_STRICT_OBJC_MSGSEND = YES;
				ENABLE_TESTABILITY = YES;
				GCC_C_LANGUAGE_STANDARD = gnu99;
				GCC_DYNAMIC_NO_PIC = NO;
				GCC_NO_COMMON_BLOCKS = YES;
				GCC_OPTIMIZATION_LEVEL = 0;
				GCC_PREPROCESSOR_DEFINITIONS = (
					"DEBUG=1",
					"$(inherited)",
				);
				GCC_WARN_64_TO_32_BIT_CONVERSION = YES;
				GCC_WARN_ABOUT_RETURN_TYPE = YES_ERROR;
				GCC_WARN_UNDECLARED_SELECTOR = YES;
				GCC_WARN_UNINITIALIZED_AUTOS = YES_AGGRESSIVE;
				GCC_WARN_UNUSED_FUNCTION = YES;
				GCC_WARN_UNUSED_VARIABLE = YES;
				IPHONEOS_DEPLOYMENT_TARGET = 8.0;
				MTL_ENABLE_DEBUG_INFO = YES;
				ONLY_ACTIVE_ARCH = YES;
				SDKROOT = iphoneos;
				SWIFT_OPTIMIZATION_LEVEL = "-Onone";
			};
			name = Debug;
		};
		D3091FBD1C56E4C6007CF290 /* Release */ = {
			isa = XCBuildConfiguration;
			buildSettings = {
				ALWAYS_SEARCH_USER_PATHS = NO;
				CLANG_CXX_LANGUAGE_STANDARD = "gnu++0x";
				CLANG_CXX_LIBRARY = "libc++";
				CLANG_ENABLE_MODULES = YES;
				CLANG_ENABLE_OBJC_ARC = YES;
				CLANG_WARN_BOOL_CONVERSION = YES;
				CLANG_WARN_CONSTANT_CONVERSION = YES;
				CLANG_WARN_DIRECT_OBJC_ISA_USAGE = YES_ERROR;
				CLANG_WARN_EMPTY_BODY = YES;
				CLANG_WARN_ENUM_CONVERSION = YES;
				CLANG_WARN_INFINITE_RECURSION = YES;
				CLANG_WARN_INT_CONVERSION = YES;
				CLANG_WARN_OBJC_ROOT_CLASS = YES_ERROR;
				CLANG_WARN_SUSPICIOUS_MOVE = YES;
				CLANG_WARN_UNREACHABLE_CODE = YES;
				CLANG_WARN__DUPLICATE_METHOD_MATCH = YES;
				CODE_SIGN_IDENTITY = "iPhone Developer";
				"CODE_SIGN_IDENTITY[sdk=iphoneos*]" = "iPhone Distribution";
				COPY_PHASE_STRIP = NO;
				DEBUG_INFORMATION_FORMAT = "dwarf-with-dsym";
				ENABLE_NS_ASSERTIONS = NO;
				ENABLE_STRICT_OBJC_MSGSEND = YES;
				GCC_C_LANGUAGE_STANDARD = gnu99;
				GCC_NO_COMMON_BLOCKS = YES;
				GCC_WARN_64_TO_32_BIT_CONVERSION = YES;
				GCC_WARN_ABOUT_RETURN_TYPE = YES_ERROR;
				GCC_WARN_UNDECLARED_SELECTOR = YES;
				GCC_WARN_UNINITIALIZED_AUTOS = YES_AGGRESSIVE;
				GCC_WARN_UNUSED_FUNCTION = YES;
				GCC_WARN_UNUSED_VARIABLE = YES;
				IPHONEOS_DEPLOYMENT_TARGET = 8.0;
				MTL_ENABLE_DEBUG_INFO = NO;
				SDKROOT = iphoneos;
				SWIFT_OPTIMIZATION_LEVEL = "-Owholemodule";
				VALIDATE_PRODUCT = YES;
			};
			name = Release;
		};
		D3091FBF1C56E4C6007CF290 /* Debug */ = {
			isa = XCBuildConfiguration;
			buildSettings = {
				ALWAYS_EMBED_SWIFT_STANDARD_LIBRARIES = YES;
				ASSETCATALOG_COMPILER_APPICON_NAME = AppIcon;
				CODE_SIGN_IDENTITY = "iPhone Developer";
				"CODE_SIGN_IDENTITY[sdk=iphoneos*]" = "iPhone Developer";
				DEVELOPMENT_TEAM = P2U22T7Y9U;
				FRAMEWORK_SEARCH_PATHS = (
					"$(inherited)",
					"$(PROJECT_DIR)",
					"$(PROJECT_DIR)/GoogleMobileAdsSdkiOS-7.7.1",
				);
				INFOPLIST_FILE = "St Catherine School Seattle/Info.plist";
				IPHONEOS_DEPLOYMENT_TARGET = 8.0;
				LD_RUNPATH_SEARCH_PATHS = "$(inherited) @executable_path/Frameworks";
				PRODUCT_BUNDLE_IDENTIFIER = "dberge.St-Catherine-School-Seattle";
				PRODUCT_NAME = "$(TARGET_NAME)";
				PROVISIONING_PROFILE = "";
				SWIFT_VERSION = 3.0;
			};
			name = Debug;
		};
		D3091FC01C56E4C6007CF290 /* Release */ = {
			isa = XCBuildConfiguration;
			buildSettings = {
				ALWAYS_EMBED_SWIFT_STANDARD_LIBRARIES = YES;
				ASSETCATALOG_COMPILER_APPICON_NAME = AppIcon;
				CODE_SIGN_IDENTITY = "iPhone Developer";
				"CODE_SIGN_IDENTITY[sdk=iphoneos*]" = "iPhone Developer";
				DEVELOPMENT_TEAM = P2U22T7Y9U;
				FRAMEWORK_SEARCH_PATHS = (
					"$(inherited)",
					"$(PROJECT_DIR)",
					"$(PROJECT_DIR)/GoogleMobileAdsSdkiOS-7.7.1",
				);
				INFOPLIST_FILE = "St Catherine School Seattle/Info.plist";
				IPHONEOS_DEPLOYMENT_TARGET = 8.0;
				LD_RUNPATH_SEARCH_PATHS = "$(inherited) @executable_path/Frameworks";
				PRODUCT_BUNDLE_IDENTIFIER = "dberge.St-Catherine-School-Seattle";
				PRODUCT_NAME = "$(TARGET_NAME)";
				PROVISIONING_PROFILE = "";
				SWIFT_VERSION = 3.0;
			};
			name = Release;
		};
		D381B7641EB45E43002D7CD2 /* Debug */ = {
			isa = XCBuildConfiguration;
			buildSettings = {
				BUNDLE_LOADER = "$(TEST_HOST)";
				CLANG_ANALYZER_NONNULL = YES;
				CLANG_WARN_DOCUMENTATION_COMMENTS = YES;
				INFOPLIST_FILE = "Test St Catherine School Seattle Tests/Info.plist";
				IPHONEOS_DEPLOYMENT_TARGET = 10.2;
				LD_RUNPATH_SEARCH_PATHS = "$(inherited) @executable_path/Frameworks @loader_path/Frameworks";
				PRODUCT_BUNDLE_IDENTIFIER = "dberge.Test-St-Catherine-School-Seattle-Tests";
				PRODUCT_NAME = "$(TARGET_NAME)";
				SWIFT_ACTIVE_COMPILATION_CONDITIONS = DEBUG;
				SWIFT_VERSION = 3.0;
				TEST_HOST = "$(BUILT_PRODUCTS_DIR)/St Catherine School Seattle.app/St Catherine School Seattle";
			};
			name = Debug;
		};
		D381B7651EB45E43002D7CD2 /* Release */ = {
			isa = XCBuildConfiguration;
			buildSettings = {
				BUNDLE_LOADER = "$(TEST_HOST)";
				CLANG_ANALYZER_NONNULL = YES;
				CLANG_WARN_DOCUMENTATION_COMMENTS = YES;
				"CODE_SIGN_IDENTITY[sdk=iphoneos*]" = "iPhone Developer";
				INFOPLIST_FILE = "Test St Catherine School Seattle Tests/Info.plist";
				IPHONEOS_DEPLOYMENT_TARGET = 10.2;
				LD_RUNPATH_SEARCH_PATHS = "$(inherited) @executable_path/Frameworks @loader_path/Frameworks";
				PRODUCT_BUNDLE_IDENTIFIER = "dberge.Test-St-Catherine-School-Seattle-Tests";
				PRODUCT_NAME = "$(TARGET_NAME)";
				SWIFT_VERSION = 3.0;
				TEST_HOST = "$(BUILT_PRODUCTS_DIR)/St Catherine School Seattle.app/St Catherine School Seattle";
			};
			name = Release;
		};
/* End XCBuildConfiguration section */

/* Begin XCConfigurationList section */
		D3091FA51C56E4C6007CF290 /* Build configuration list for PBXProject "St Catherine School Seattle" */ = {
			isa = XCConfigurationList;
			buildConfigurations = (
				D3091FBC1C56E4C6007CF290 /* Debug */,
				D3091FBD1C56E4C6007CF290 /* Release */,
			);
			defaultConfigurationIsVisible = 0;
			defaultConfigurationName = Release;
		};
		D3091FBE1C56E4C6007CF290 /* Build configuration list for PBXNativeTarget "St Catherine School Seattle" */ = {
			isa = XCConfigurationList;
			buildConfigurations = (
				D3091FBF1C56E4C6007CF290 /* Debug */,
				D3091FC01C56E4C6007CF290 /* Release */,
			);
			defaultConfigurationIsVisible = 0;
			defaultConfigurationName = Release;
		};
		D381B7631EB45E43002D7CD2 /* Build configuration list for PBXNativeTarget "Test St Catherine School Seattle Tests" */ = {
			isa = XCConfigurationList;
			buildConfigurations = (
				D381B7641EB45E43002D7CD2 /* Debug */,
				D381B7651EB45E43002D7CD2 /* Release */,
			);
			defaultConfigurationIsVisible = 0;
			defaultConfigurationName = Release;
		};
/* End XCConfigurationList section */

/* Begin XCVersionGroup section */
		D30920051C56E6C3007CF290 /* SchoolDataModel.xcdatamodeld */ = {
			isa = XCVersionGroup;
			children = (
				D30920061C56E6C3007CF290 /* SchoolDataModel.xcdatamodel */,
			);
			currentVersion = D30920061C56E6C3007CF290 /* SchoolDataModel.xcdatamodel */;
			path = SchoolDataModel.xcdatamodeld;
			sourceTree = "<group>";
			versionGroupType = wrapper.xcdatamodel;
		};
/* End XCVersionGroup section */
	};
	rootObject = D3091FA21C56E4C6007CF290 /* Project object */;
}
