// !$*UTF8*$!
{
	archiveVersion = 1;
	classes = {
	};
	objectVersion = 46;
	objects = {

/* Begin PBXBuildFile section */
		D3091FB51C56E4C6007CF290 /* Main.storyboard in Resources */ = {isa = PBXBuildFile; fileRef = D3091FB31C56E4C6007CF290 /* Main.storyboard */; };
		D3091FB71C56E4C6007CF290 /* Assets.xcassets in Resources */ = {isa = PBXBuildFile; fileRef = D3091FB61C56E4C6007CF290 /* Assets.xcassets */; };
		D3091FBA1C56E4C6007CF290 /* LaunchScreen.storyboard in Resources */ = {isa = PBXBuildFile; fileRef = D3091FB81C56E4C6007CF290 /* LaunchScreen.storyboard */; };
		D3091FC41C56E50A007CF290 /* Fabric.framework in Frameworks */ = {isa = PBXBuildFile; fileRef = D3091FC21C56E50A007CF290 /* Fabric.framework */; };
		D3091FC51C56E50A007CF290 /* Crashlytics.framework in Frameworks */ = {isa = PBXBuildFile; fileRef = D3091FC31C56E50A007CF290 /* Crashlytics.framework */; };
		D3091FC91C56E54A007CF290 /* TwitterKit.framework in Frameworks */ = {isa = PBXBuildFile; fileRef = D3091FC61C56E54A007CF290 /* TwitterKit.framework */; };
		D3091FCA1C56E54A007CF290 /* TwitterKitResources.bundle in Resources */ = {isa = PBXBuildFile; fileRef = D3091FC71C56E54A007CF290 /* TwitterKitResources.bundle */; };
		D3091FCB1C56E54A007CF290 /* TwitterCore.framework in Frameworks */ = {isa = PBXBuildFile; fileRef = D3091FC81C56E54A007CF290 /* TwitterCore.framework */; };
		D3091FDF1C56E5A3007CF290 /* chat_filled-25.png in Resources */ = {isa = PBXBuildFile; fileRef = D3091FCD1C56E5A3007CF290 /* chat_filled-25.png */; };
		D3091FE01C56E5A3007CF290 /* Luke.png in Resources */ = {isa = PBXBuildFile; fileRef = D3091FCE1C56E5A3007CF290 /* Luke.png */; };
		D3091FE11C56E5A3007CF290 /* Mark.png in Resources */ = {isa = PBXBuildFile; fileRef = D3091FCF1C56E5A3007CF290 /* Mark.png */; };
		D3091FE21C56E5A3007CF290 /* Matt.png in Resources */ = {isa = PBXBuildFile; fileRef = D3091FD01C56E5A3007CF290 /* Matt.png */; };
		D3091FE31C56E5A3007CF290 /* questionMark.png in Resources */ = {isa = PBXBuildFile; fileRef = D3091FD11C56E5A3007CF290 /* questionMark.png */; };
		D3091FE41C56E5A3007CF290 /* staff-25.png in Resources */ = {isa = PBXBuildFile; fileRef = D3091FD21C56E5A3007CF290 /* staff-25.png */; };
		D3091FE51C56E5A3007CF290 /* stcatherineschool.jpg in Resources */ = {isa = PBXBuildFile; fileRef = D3091FD31C56E5A3007CF290 /* stcatherineschool.jpg */; };
		D3091FE61C56E5A3007CF290 /* stcBuilding.jpg in Resources */ = {isa = PBXBuildFile; fileRef = D3091FD41C56E5A3007CF290 /* stcBuilding.jpg */; };
		D3091FE71C56E5A3007CF290 /* stcBuilding_skinny.jpg in Resources */ = {isa = PBXBuildFile; fileRef = D3091FD51C56E5A3007CF290 /* stcBuilding_skinny.jpg */; };
		D3091FE81C56E5A3007CF290 /* StCicon1024x1024-01.png in Resources */ = {isa = PBXBuildFile; fileRef = D3091FD61C56E5A3007CF290 /* StCicon1024x1024-01.png */; };
		D3091FE91C56E5A3007CF290 /* stCicon120x120.png in Resources */ = {isa = PBXBuildFile; fileRef = D3091FD71C56E5A3007CF290 /* stCicon120x120.png */; };
		D3091FEA1C56E5A3007CF290 /* StCicon152x152-01.png in Resources */ = {isa = PBXBuildFile; fileRef = D3091FD81C56E5A3007CF290 /* StCicon152x152-01.png */; };
		D3091FEB1C56E5A3007CF290 /* StCicon58x58-01.png in Resources */ = {isa = PBXBuildFile; fileRef = D3091FD91C56E5A3007CF290 /* StCicon58x58-01.png */; };
		D3091FEC1C56E5A3007CF290 /* StCicon76x76-01.png in Resources */ = {isa = PBXBuildFile; fileRef = D3091FDA1C56E5A3007CF290 /* StCicon76x76-01.png */; };
		D3091FED1C56E5A3007CF290 /* StCicon80x80-01.png in Resources */ = {isa = PBXBuildFile; fileRef = D3091FDB1C56E5A3007CF290 /* StCicon80x80-01.png */; };
		D3091FEE1C56E5A3007CF290 /* StCicons87x87-01.png in Resources */ = {isa = PBXBuildFile; fileRef = D3091FDC1C56E5A3007CF290 /* StCicons87x87-01.png */; };
		D3091FEF1C56E5A3007CF290 /* student-25.png in Resources */ = {isa = PBXBuildFile; fileRef = D3091FDD1C56E5A3007CF290 /* student-25.png */; };
		D3091FF01C56E5A3007CF290 /* warehouse_filled-25.png in Resources */ = {isa = PBXBuildFile; fileRef = D3091FDE1C56E5A3007CF290 /* warehouse_filled-25.png */; };
		D309200D1C56E6C3007CF290 /* AnnouncementFilter.swift in Sources */ = {isa = PBXBuildFile; fileRef = D3091FF11C56E6C3007CF290 /* AnnouncementFilter.swift */; };
		D309200E1C56E6C3007CF290 /* AnnouncementsCell.swift in Sources */ = {isa = PBXBuildFile; fileRef = D3091FF21C56E6C3007CF290 /* AnnouncementsCell.swift */; };
		D309200F1C56E6C3007CF290 /* AnnouncementsList.swift in Sources */ = {isa = PBXBuildFile; fileRef = D3091FF31C56E6C3007CF290 /* AnnouncementsList.swift */; };
		D30920101C56E6C3007CF290 /* AppDelegate.swift in Sources */ = {isa = PBXBuildFile; fileRef = D3091FF41C56E6C3007CF290 /* AppDelegate.swift */; };
		D30920111C56E6C3007CF290 /* Assets.xcassets in Resources */ = {isa = PBXBuildFile; fileRef = D3091FF51C56E6C3007CF290 /* Assets.xcassets */; };
		D30920121C56E6C3007CF290 /* LaunchScreen.storyboard in Resources */ = {isa = PBXBuildFile; fileRef = D3091FF71C56E6C3007CF290 /* LaunchScreen.storyboard */; };
		D30920131C56E6C3007CF290 /* Main.storyboard in Resources */ = {isa = PBXBuildFile; fileRef = D3091FF91C56E6C3007CF290 /* Main.storyboard */; };
		D30920141C56E6C3007CF290 /* Child.swift in Sources */ = {isa = PBXBuildFile; fileRef = D3091FFB1C56E6C3007CF290 /* Child.swift */; };
		D30920161C56E6C3007CF290 /* Info.plist in Resources */ = {isa = PBXBuildFile; fileRef = D3091FFD1C56E6C3007CF290 /* Info.plist */; };
		D30920171C56E6C3007CF290 /* KidsTableViewCell.swift in Sources */ = {isa = PBXBuildFile; fileRef = D3091FFE1C56E6C3007CF290 /* KidsTableViewCell.swift */; };
		D30920181C56E6C3007CF290 /* ListOfKids.swift in Sources */ = {isa = PBXBuildFile; fileRef = D3091FFF1C56E6C3007CF290 /* ListOfKids.swift */; };
		D30920191C56E6C3007CF290 /* ListOfStaff.swift in Sources */ = {isa = PBXBuildFile; fileRef = D30920001C56E6C3007CF290 /* ListOfStaff.swift */; };
		D309201A1C56E6C3007CF290 /* NotificationList.swift in Sources */ = {isa = PBXBuildFile; fileRef = D30920011C56E6C3007CF290 /* NotificationList.swift */; };
		D309201B1C56E6C3007CF290 /* NotificationSelectionTVC.swift in Sources */ = {isa = PBXBuildFile; fileRef = D30920021C56E6C3007CF290 /* NotificationSelectionTVC.swift */; };
		D309201C1C56E6C3007CF290 /* PinsOnMap.swift in Sources */ = {isa = PBXBuildFile; fileRef = D30920031C56E6C3007CF290 /* PinsOnMap.swift */; };
		D309201D1C56E6C3007CF290 /* SaveKidDetails.swift in Sources */ = {isa = PBXBuildFile; fileRef = D30920041C56E6C3007CF290 /* SaveKidDetails.swift */; };
		D309201E1C56E6C3007CF290 /* SchoolDataModel.xcdatamodeld in Sources */ = {isa = PBXBuildFile; fileRef = D30920051C56E6C3007CF290 /* SchoolDataModel.xcdatamodeld */; };
		D309201F1C56E6C3007CF290 /* SchoolDetails.swift in Sources */ = {isa = PBXBuildFile; fileRef = D30920071C56E6C3007CF290 /* SchoolDetails.swift */; };
		D30920211C56E6C3007CF290 /* Staff.swift in Sources */ = {isa = PBXBuildFile; fileRef = D30920091C56E6C3007CF290 /* Staff.swift */; };
		D30920221C56E6C3007CF290 /* StaffDetails.swift in Sources */ = {isa = PBXBuildFile; fileRef = D309200A1C56E6C3007CF290 /* StaffDetails.swift */; };
		D30920231C56E6C3007CF290 /* StaffTableViewCell.swift in Sources */ = {isa = PBXBuildFile; fileRef = D309200B1C56E6C3007CF290 /* StaffTableViewCell.swift */; };
		D30920241C56E6C3007CF290 /* Utilities.swift in Sources */ = {isa = PBXBuildFile; fileRef = D309200C1C56E6C3007CF290 /* Utilities.swift */; };
/* End PBXBuildFile section */

/* Begin PBXFileReference section */
		D3091FAA1C56E4C6007CF290 /* St Catherine School Seattle.app */ = {isa = PBXFileReference; explicitFileType = wrapper.application; includeInIndex = 0; path = "St Catherine School Seattle.app"; sourceTree = BUILT_PRODUCTS_DIR; };
		D3091FAF1C56E4C6007CF290 /* FirstViewController.swift */ = {isa = PBXFileReference; lastKnownFileType = sourcecode.swift; path = FirstViewController.swift; sourceTree = "<group>"; };
		D3091FB11C56E4C6007CF290 /* SecondViewController.swift */ = {isa = PBXFileReference; lastKnownFileType = sourcecode.swift; path = SecondViewController.swift; sourceTree = "<group>"; };
		D3091FB41C56E4C6007CF290 /* Base */ = {isa = PBXFileReference; lastKnownFileType = file.storyboard; name = Base; path = Base.lproj/Main.storyboard; sourceTree = "<group>"; };
		D3091FB61C56E4C6007CF290 /* Assets.xcassets */ = {isa = PBXFileReference; lastKnownFileType = folder.assetcatalog; path = Assets.xcassets; sourceTree = "<group>"; };
		D3091FB91C56E4C6007CF290 /* Base */ = {isa = PBXFileReference; lastKnownFileType = file.storyboard; name = Base; path = Base.lproj/LaunchScreen.storyboard; sourceTree = "<group>"; };
		D3091FBB1C56E4C6007CF290 /* Info.plist */ = {isa = PBXFileReference; lastKnownFileType = text.plist.xml; path = Info.plist; sourceTree = "<group>"; };
		D3091FC21C56E50A007CF290 /* Fabric.framework */ = {isa = PBXFileReference; lastKnownFileType = wrapper.framework; path = Fabric.framework; sourceTree = "<group>"; };
		D3091FC31C56E50A007CF290 /* Crashlytics.framework */ = {isa = PBXFileReference; lastKnownFileType = wrapper.framework; path = Crashlytics.framework; sourceTree = "<group>"; };
		D3091FC61C56E54A007CF290 /* TwitterKit.framework */ = {isa = PBXFileReference; lastKnownFileType = wrapper.framework; path = TwitterKit.framework; sourceTree = "<group>"; };
		D3091FC71C56E54A007CF290 /* TwitterKitResources.bundle */ = {isa = PBXFileReference; lastKnownFileType = "wrapper.plug-in"; name = TwitterKitResources.bundle; path = TwitterKit.framework/Versions/A/Resources/TwitterKitResources.bundle; sourceTree = "<group>"; };
		D3091FC81C56E54A007CF290 /* TwitterCore.framework */ = {isa = PBXFileReference; lastKnownFileType = wrapper.framework; path = TwitterCore.framework; sourceTree = "<group>"; };
		D3091FCD1C56E5A3007CF290 /* chat_filled-25.png */ = {isa = PBXFileReference; lastKnownFileType = image.png; path = "chat_filled-25.png"; sourceTree = "<group>"; };
		D3091FCE1C56E5A3007CF290 /* Luke.png */ = {isa = PBXFileReference; lastKnownFileType = image.png; path = Luke.png; sourceTree = "<group>"; };
		D3091FCF1C56E5A3007CF290 /* Mark.png */ = {isa = PBXFileReference; lastKnownFileType = image.png; path = Mark.png; sourceTree = "<group>"; };
		D3091FD01C56E5A3007CF290 /* Matt.png */ = {isa = PBXFileReference; lastKnownFileType = image.png; path = Matt.png; sourceTree = "<group>"; };
		D3091FD11C56E5A3007CF290 /* questionMark.png */ = {isa = PBXFileReference; lastKnownFileType = image.png; path = questionMark.png; sourceTree = "<group>"; };
		D3091FD21C56E5A3007CF290 /* staff-25.png */ = {isa = PBXFileReference; lastKnownFileType = image.png; path = "staff-25.png"; sourceTree = "<group>"; };
		D3091FD31C56E5A3007CF290 /* stcatherineschool.jpg */ = {isa = PBXFileReference; lastKnownFileType = image.jpeg; path = stcatherineschool.jpg; sourceTree = "<group>"; };
		D3091FD41C56E5A3007CF290 /* stcBuilding.jpg */ = {isa = PBXFileReference; lastKnownFileType = image.jpeg; path = stcBuilding.jpg; sourceTree = "<group>"; };
		D3091FD51C56E5A3007CF290 /* stcBuilding_skinny.jpg */ = {isa = PBXFileReference; lastKnownFileType = image.jpeg; path = stcBuilding_skinny.jpg; sourceTree = "<group>"; };
		D3091FD61C56E5A3007CF290 /* StCicon1024x1024-01.png */ = {isa = PBXFileReference; lastKnownFileType = image.png; path = "StCicon1024x1024-01.png"; sourceTree = "<group>"; };
		D3091FD71C56E5A3007CF290 /* stCicon120x120.png */ = {isa = PBXFileReference; lastKnownFileType = image.png; path = stCicon120x120.png; sourceTree = "<group>"; };
		D3091FD81C56E5A3007CF290 /* StCicon152x152-01.png */ = {isa = PBXFileReference; lastKnownFileType = image.png; path = "StCicon152x152-01.png"; sourceTree = "<group>"; };
		D3091FD91C56E5A3007CF290 /* StCicon58x58-01.png */ = {isa = PBXFileReference; lastKnownFileType = image.png; path = "StCicon58x58-01.png"; sourceTree = "<group>"; };
		D3091FDA1C56E5A3007CF290 /* StCicon76x76-01.png */ = {isa = PBXFileReference; lastKnownFileType = image.png; path = "StCicon76x76-01.png"; sourceTree = "<group>"; };
		D3091FDB1C56E5A3007CF290 /* StCicon80x80-01.png */ = {isa = PBXFileReference; lastKnownFileType = image.png; path = "StCicon80x80-01.png"; sourceTree = "<group>"; };
		D3091FDC1C56E5A3007CF290 /* StCicons87x87-01.png */ = {isa = PBXFileReference; lastKnownFileType = image.png; path = "StCicons87x87-01.png"; sourceTree = "<group>"; };
		D3091FDD1C56E5A3007CF290 /* student-25.png */ = {isa = PBXFileReference; lastKnownFileType = image.png; path = "student-25.png"; sourceTree = "<group>"; };
		D3091FDE1C56E5A3007CF290 /* warehouse_filled-25.png */ = {isa = PBXFileReference; lastKnownFileType = image.png; path = "warehouse_filled-25.png"; sourceTree = "<group>"; };
		D3091FF11C56E6C3007CF290 /* AnnouncementFilter.swift */ = {isa = PBXFileReference; fileEncoding = 4; lastKnownFileType = sourcecode.swift; path = AnnouncementFilter.swift; sourceTree = "<group>"; };
		D3091FF21C56E6C3007CF290 /* AnnouncementsCell.swift */ = {isa = PBXFileReference; fileEncoding = 4; lastKnownFileType = sourcecode.swift; path = AnnouncementsCell.swift; sourceTree = "<group>"; };
		D3091FF31C56E6C3007CF290 /* AnnouncementsList.swift */ = {isa = PBXFileReference; fileEncoding = 4; lastKnownFileType = sourcecode.swift; path = AnnouncementsList.swift; sourceTree = "<group>"; };
		D3091FF41C56E6C3007CF290 /* AppDelegate.swift */ = {isa = PBXFileReference; fileEncoding = 4; lastKnownFileType = sourcecode.swift; path = AppDelegate.swift; sourceTree = "<group>"; };
		D3091FF51C56E6C3007CF290 /* Assets.xcassets */ = {isa = PBXFileReference; lastKnownFileType = folder.assetcatalog; path = Assets.xcassets; sourceTree = "<group>"; };
		D3091FF81C56E6C3007CF290 /* Base */ = {isa = PBXFileReference; lastKnownFileType = file.storyboard; name = Base; path = LaunchScreen.storyboard; sourceTree = "<group>"; };
		D3091FFA1C56E6C3007CF290 /* Base */ = {isa = PBXFileReference; lastKnownFileType = file.storyboard; name = Base; path = Main.storyboard; sourceTree = "<group>"; };
		D3091FFB1C56E6C3007CF290 /* Child.swift */ = {isa = PBXFileReference; fileEncoding = 4; lastKnownFileType = sourcecode.swift; path = Child.swift; sourceTree = "<group>"; };
		D3091FFD1C56E6C3007CF290 /* Info.plist */ = {isa = PBXFileReference; fileEncoding = 4; lastKnownFileType = text.plist.xml; path = Info.plist; sourceTree = "<group>"; };
		D3091FFE1C56E6C3007CF290 /* KidsTableViewCell.swift */ = {isa = PBXFileReference; fileEncoding = 4; lastKnownFileType = sourcecode.swift; path = KidsTableViewCell.swift; sourceTree = "<group>"; };
		D3091FFF1C56E6C3007CF290 /* ListOfKids.swift */ = {isa = PBXFileReference; fileEncoding = 4; lastKnownFileType = sourcecode.swift; path = ListOfKids.swift; sourceTree = "<group>"; };
		D30920001C56E6C3007CF290 /* ListOfStaff.swift */ = {isa = PBXFileReference; fileEncoding = 4; lastKnownFileType = sourcecode.swift; path = ListOfStaff.swift; sourceTree = "<group>"; };
		D30920011C56E6C3007CF290 /* NotificationList.swift */ = {isa = PBXFileReference; fileEncoding = 4; lastKnownFileType = sourcecode.swift; path = NotificationList.swift; sourceTree = "<group>"; };
		D30920021C56E6C3007CF290 /* NotificationSelectionTVC.swift */ = {isa = PBXFileReference; fileEncoding = 4; lastKnownFileType = sourcecode.swift; path = NotificationSelectionTVC.swift; sourceTree = "<group>"; };
		D30920031C56E6C3007CF290 /* PinsOnMap.swift */ = {isa = PBXFileReference; fileEncoding = 4; lastKnownFileType = sourcecode.swift; path = PinsOnMap.swift; sourceTree = "<group>"; };
		D30920041C56E6C3007CF290 /* SaveKidDetails.swift */ = {isa = PBXFileReference; fileEncoding = 4; lastKnownFileType = sourcecode.swift; path = SaveKidDetails.swift; sourceTree = "<group>"; };
		D30920061C56E6C3007CF290 /* SchoolDataModel.xcdatamodel */ = {isa = PBXFileReference; lastKnownFileType = wrapper.xcdatamodel; path = SchoolDataModel.xcdatamodel; sourceTree = "<group>"; };
		D30920071C56E6C3007CF290 /* SchoolDetails.swift */ = {isa = PBXFileReference; fileEncoding = 4; lastKnownFileType = sourcecode.swift; path = SchoolDetails.swift; sourceTree = "<group>"; };
		D30920091C56E6C3007CF290 /* Staff.swift */ = {isa = PBXFileReference; fileEncoding = 4; lastKnownFileType = sourcecode.swift; path = Staff.swift; sourceTree = "<group>"; };
		D309200A1C56E6C3007CF290 /* StaffDetails.swift */ = {isa = PBXFileReference; fileEncoding = 4; lastKnownFileType = sourcecode.swift; path = StaffDetails.swift; sourceTree = "<group>"; };
		D309200B1C56E6C3007CF290 /* StaffTableViewCell.swift */ = {isa = PBXFileReference; fileEncoding = 4; lastKnownFileType = sourcecode.swift; path = StaffTableViewCell.swift; sourceTree = "<group>"; };
		D309200C1C56E6C3007CF290 /* Utilities.swift */ = {isa = PBXFileReference; fileEncoding = 4; lastKnownFileType = sourcecode.swift; path = Utilities.swift; sourceTree = "<group>"; };
/* End PBXFileReference section */

/* Begin PBXFrameworksBuildPhase section */
		D3091FA71C56E4C6007CF290 /* Frameworks */ = {
			isa = PBXFrameworksBuildPhase;
			buildActionMask = 2147483647;
			files = (
				D3091FC51C56E50A007CF290 /* Crashlytics.framework in Frameworks */,
				D3091FCB1C56E54A007CF290 /* TwitterCore.framework in Frameworks */,
				D3091FC41C56E50A007CF290 /* Fabric.framework in Frameworks */,
				D3091FC91C56E54A007CF290 /* TwitterKit.framework in Frameworks */,
			);
			runOnlyForDeploymentPostprocessing = 0;
		};
/* End PBXFrameworksBuildPhase section */

/* Begin PBXGroup section */
		D3091FA11C56E4C6007CF290 = {
			isa = PBXGroup;
			children = (
				D3091FAC1C56E4C6007CF290 /* St Catherine School Seattle */,
				D3091FAB1C56E4C6007CF290 /* Products */,
				D3091FC61C56E54A007CF290 /* TwitterKit.framework */,
				D3091FC71C56E54A007CF290 /* TwitterKitResources.bundle */,
				D3091FC81C56E54A007CF290 /* TwitterCore.framework */,
				D3091FC21C56E50A007CF290 /* Fabric.framework */,
				D3091FC31C56E50A007CF290 /* Crashlytics.framework */,
			);
			sourceTree = "<group>";
		};
		D3091FAB1C56E4C6007CF290 /* Products */ = {
			isa = PBXGroup;
			children = (
				D3091FAA1C56E4C6007CF290 /* St Catherine School Seattle.app */,
			);
			name = Products;
			sourceTree = "<group>";
		};
		D3091FAC1C56E4C6007CF290 /* St Catherine School Seattle */ = {
			isa = PBXGroup;
			children = (
				D3091FF11C56E6C3007CF290 /* AnnouncementFilter.swift */,
				D3091FF21C56E6C3007CF290 /* AnnouncementsCell.swift */,
				D3091FF31C56E6C3007CF290 /* AnnouncementsList.swift */,
				D3091FF41C56E6C3007CF290 /* AppDelegate.swift */,
				D3091FF51C56E6C3007CF290 /* Assets.xcassets */,
				D3091FF61C56E6C3007CF290 /* Base.lproj */,
				D3091FFB1C56E6C3007CF290 /* Child.swift */,
				D3091FFD1C56E6C3007CF290 /* Info.plist */,
				D3091FFE1C56E6C3007CF290 /* KidsTableViewCell.swift */,
				D3091FFF1C56E6C3007CF290 /* ListOfKids.swift */,
				D30920001C56E6C3007CF290 /* ListOfStaff.swift */,
				D30920011C56E6C3007CF290 /* NotificationList.swift */,
				D30920021C56E6C3007CF290 /* NotificationSelectionTVC.swift */,
				D30920031C56E6C3007CF290 /* PinsOnMap.swift */,
				D30920041C56E6C3007CF290 /* SaveKidDetails.swift */,
				D30920051C56E6C3007CF290 /* SchoolDataModel.xcdatamodeld */,
				D30920071C56E6C3007CF290 /* SchoolDetails.swift */,
				D30920091C56E6C3007CF290 /* Staff.swift */,
				D309200A1C56E6C3007CF290 /* StaffDetails.swift */,
				D309200B1C56E6C3007CF290 /* StaffTableViewCell.swift */,
				D309200C1C56E6C3007CF290 /* Utilities.swift */,
				D3091FCC1C56E5A3007CF290 /* Assets */,
				D3091FAF1C56E4C6007CF290 /* FirstViewController.swift */,
				D3091FB11C56E4C6007CF290 /* SecondViewController.swift */,
				D3091FB31C56E4C6007CF290 /* Main.storyboard */,
				D3091FB61C56E4C6007CF290 /* Assets.xcassets */,
				D3091FB81C56E4C6007CF290 /* LaunchScreen.storyboard */,
				D3091FBB1C56E4C6007CF290 /* Info.plist */,
			);
			path = "St Catherine School Seattle";
			sourceTree = "<group>";
		};
		D3091FCC1C56E5A3007CF290 /* Assets */ = {
			isa = PBXGroup;
			children = (
				D3091FCD1C56E5A3007CF290 /* chat_filled-25.png */,
				D3091FCE1C56E5A3007CF290 /* Luke.png */,
				D3091FCF1C56E5A3007CF290 /* Mark.png */,
				D3091FD01C56E5A3007CF290 /* Matt.png */,
				D3091FD11C56E5A3007CF290 /* questionMark.png */,
				D3091FD21C56E5A3007CF290 /* staff-25.png */,
				D3091FD31C56E5A3007CF290 /* stcatherineschool.jpg */,
				D3091FD41C56E5A3007CF290 /* stcBuilding.jpg */,
				D3091FD51C56E5A3007CF290 /* stcBuilding_skinny.jpg */,
				D3091FD61C56E5A3007CF290 /* StCicon1024x1024-01.png */,
				D3091FD71C56E5A3007CF290 /* stCicon120x120.png */,
				D3091FD81C56E5A3007CF290 /* StCicon152x152-01.png */,
				D3091FD91C56E5A3007CF290 /* StCicon58x58-01.png */,
				D3091FDA1C56E5A3007CF290 /* StCicon76x76-01.png */,
				D3091FDB1C56E5A3007CF290 /* StCicon80x80-01.png */,
				D3091FDC1C56E5A3007CF290 /* StCicons87x87-01.png */,
				D3091FDD1C56E5A3007CF290 /* student-25.png */,
				D3091FDE1C56E5A3007CF290 /* warehouse_filled-25.png */,
			);
			path = Assets;
			sourceTree = "<group>";
		};
		D3091FF61C56E6C3007CF290 /* Base.lproj */ = {
			isa = PBXGroup;
			children = (
				D3091FF71C56E6C3007CF290 /* LaunchScreen.storyboard */,
				D3091FF91C56E6C3007CF290 /* Main.storyboard */,
			);
			path = Base.lproj;
			sourceTree = "<group>";
		};
/* End PBXGroup section */

/* Begin PBXNativeTarget section */
		D3091FA91C56E4C6007CF290 /* St Catherine School Seattle */ = {
			isa = PBXNativeTarget;
			buildConfigurationList = D3091FBE1C56E4C6007CF290 /* Build configuration list for PBXNativeTarget "St Catherine School Seattle" */;
			buildPhases = (
				D3091FA61C56E4C6007CF290 /* Sources */,
				D3091FA71C56E4C6007CF290 /* Frameworks */,
				D3091FA81C56E4C6007CF290 /* Resources */,
				D3091FC11C56E4F3007CF290 /* ShellScript */,
			);
			buildRules = (
			);
			dependencies = (
			);
			name = "St Catherine School Seattle";
			productName = "St Catherine School Seattle";
			productReference = D3091FAA1C56E4C6007CF290 /* St Catherine School Seattle.app */;
			productType = "com.apple.product-type.application";
		};
/* End PBXNativeTarget section */

/* Begin PBXProject section */
		D3091FA21C56E4C6007CF290 /* Project object */ = {
			isa = PBXProject;
			attributes = {
				LastSwiftUpdateCheck = 0720;
				LastUpgradeCheck = 0720;
				ORGANIZATIONNAME = "Joe Dog Productions";
				TargetAttributes = {
					D3091FA91C56E4C6007CF290 = {
						CreatedOnToolsVersion = 7.2;
					};
				};
			};
			buildConfigurationList = D3091FA51C56E4C6007CF290 /* Build configuration list for PBXProject "St Catherine School Seattle" */;
			compatibilityVersion = "Xcode 3.2";
			developmentRegion = English;
			hasScannedForEncodings = 0;
			knownRegions = (
				en,
				Base,
			);
			mainGroup = D3091FA11C56E4C6007CF290;
			productRefGroup = D3091FAB1C56E4C6007CF290 /* Products */;
			projectDirPath = "";
			projectRoot = "";
			targets = (
				D3091FA91C56E4C6007CF290 /* St Catherine School Seattle */,
			);
		};
/* End PBXProject section */

/* Begin PBXResourcesBuildPhase section */
		D3091FA81C56E4C6007CF290 /* Resources */ = {
			isa = PBXResourcesBuildPhase;
			buildActionMask = 2147483647;
			files = (
				D3091FEF1C56E5A3007CF290 /* student-25.png in Resources */,
				D30920131C56E6C3007CF290 /* Main.storyboard in Resources */,
				D3091FE01C56E5A3007CF290 /* Luke.png in Resources */,
				D3091FEA1C56E5A3007CF290 /* StCicon152x152-01.png in Resources */,
				D3091FE21C56E5A3007CF290 /* Matt.png in Resources */,
				D30920111C56E6C3007CF290 /* Assets.xcassets in Resources */,
				D3091FCA1C56E54A007CF290 /* TwitterKitResources.bundle in Resources */,
				D3091FEB1C56E5A3007CF290 /* StCicon58x58-01.png in Resources */,
				D3091FE91C56E5A3007CF290 /* stCicon120x120.png in Resources */,
				D3091FE51C56E5A3007CF290 /* stcatherineschool.jpg in Resources */,
				D30920121C56E6C3007CF290 /* LaunchScreen.storyboard in Resources */,
				D3091FE41C56E5A3007CF290 /* staff-25.png in Resources */,
				D30920161C56E6C3007CF290 /* Info.plist in Resources */,
				D3091FDF1C56E5A3007CF290 /* chat_filled-25.png in Resources */,
				D3091FBA1C56E4C6007CF290 /* LaunchScreen.storyboard in Resources */,
				D3091FED1C56E5A3007CF290 /* StCicon80x80-01.png in Resources */,
				D3091FB71C56E4C6007CF290 /* Assets.xcassets in Resources */,
				D3091FE31C56E5A3007CF290 /* questionMark.png in Resources */,
				D3091FE11C56E5A3007CF290 /* Mark.png in Resources */,
				D3091FEC1C56E5A3007CF290 /* StCicon76x76-01.png in Resources */,
				D3091FE61C56E5A3007CF290 /* stcBuilding.jpg in Resources */,
				D3091FE81C56E5A3007CF290 /* StCicon1024x1024-01.png in Resources */,
				D3091FF01C56E5A3007CF290 /* warehouse_filled-25.png in Resources */,
				D3091FEE1C56E5A3007CF290 /* StCicons87x87-01.png in Resources */,
				D3091FB51C56E4C6007CF290 /* Main.storyboard in Resources */,
				D3091FE71C56E5A3007CF290 /* stcBuilding_skinny.jpg in Resources */,
			);
			runOnlyForDeploymentPostprocessing = 0;
		};
/* End PBXResourcesBuildPhase section */

/* Begin PBXShellScriptBuildPhase section */
		D3091FC11C56E4F3007CF290 /* ShellScript */ = {
			isa = PBXShellScriptBuildPhase;
			buildActionMask = 2147483647;
			files = (
			);
			inputPaths = (
			);
			outputPaths = (
			);
			runOnlyForDeploymentPostprocessing = 0;
			shellPath = /bin/sh;
			shellScript = "./Fabric.framework/run fbdc599eb9a6498de5740e2b511581f8b61e53c8 254ff76b7d5d30df2177922043f7fd3679af8a0e873348e7405bde099bfa98c0";
		};
/* End PBXShellScriptBuildPhase section */

/* Begin PBXSourcesBuildPhase section */
		D3091FA61C56E4C6007CF290 /* Sources */ = {
			isa = PBXSourcesBuildPhase;
			buildActionMask = 2147483647;
			files = (
				D30920101C56E6C3007CF290 /* AppDelegate.swift in Sources */,
				D309200E1C56E6C3007CF290 /* AnnouncementsCell.swift in Sources */,
				D30920241C56E6C3007CF290 /* Utilities.swift in Sources */,
				D30920191C56E6C3007CF290 /* ListOfStaff.swift in Sources */,
				D309201B1C56E6C3007CF290 /* NotificationSelectionTVC.swift in Sources */,
				D309201A1C56E6C3007CF290 /* NotificationList.swift in Sources */,
				D309201F1C56E6C3007CF290 /* SchoolDetails.swift in Sources */,
				D309201E1C56E6C3007CF290 /* SchoolDataModel.xcdatamodeld in Sources */,
				D309200D1C56E6C3007CF290 /* AnnouncementFilter.swift in Sources */,
				D30920171C56E6C3007CF290 /* KidsTableViewCell.swift in Sources */,
				D30920221C56E6C3007CF290 /* StaffDetails.swift in Sources */,
				D309201C1C56E6C3007CF290 /* PinsOnMap.swift in Sources */,
				D30920211C56E6C3007CF290 /* Staff.swift in Sources */,
				D309200F1C56E6C3007CF290 /* AnnouncementsList.swift in Sources */,
				D309201D1C56E6C3007CF290 /* SaveKidDetails.swift in Sources */,
				D30920181C56E6C3007CF290 /* ListOfKids.swift in Sources */,
				D30920141C56E6C3007CF290 /* Child.swift in Sources */,
				D30920231C56E6C3007CF290 /* StaffTableViewCell.swift in Sources */,
			);
			runOnlyForDeploymentPostprocessing = 0;
		};
/* End PBXSourcesBuildPhase section */

/* Begin PBXVariantGroup section */
		D3091FB31C56E4C6007CF290 /* Main.storyboard */ = {
			isa = PBXVariantGroup;
			children = (
				D3091FB41C56E4C6007CF290 /* Base */,
			);
			name = Main.storyboard;
			sourceTree = "<group>";
		};
		D3091FB81C56E4C6007CF290 /* LaunchScreen.storyboard */ = {
			isa = PBXVariantGroup;
			children = (
				D3091FB91C56E4C6007CF290 /* Base */,
			);
			name = LaunchScreen.storyboard;
			sourceTree = "<group>";
		};
		D3091FF71C56E6C3007CF290 /* LaunchScreen.storyboard */ = {
			isa = PBXVariantGroup;
			children = (
				D3091FF81C56E6C3007CF290 /* Base */,
			);
			name = LaunchScreen.storyboard;
			sourceTree = "<group>";
		};
		D3091FF91C56E6C3007CF290 /* Main.storyboard */ = {
			isa = PBXVariantGroup;
			children = (
				D3091FFA1C56E6C3007CF290 /* Base */,
			);
			name = Main.storyboard;
			sourceTree = "<group>";
		};
/* End PBXVariantGroup section */

/* Begin XCBuildConfiguration section */
		D3091FBC1C56E4C6007CF290 /* Debug */ = {
			isa = XCBuildConfiguration;
			buildSettings = {
				ALWAYS_SEARCH_USER_PATHS = NO;
				CLANG_CXX_LANGUAGE_STANDARD = "gnu++0x";
				CLANG_CXX_LIBRARY = "libc++";
				CLANG_ENABLE_MODULES = YES;
				CLANG_ENABLE_OBJC_ARC = YES;
				CLANG_WARN_BOOL_CONVERSION = YES;
				CLANG_WARN_CONSTANT_CONVERSION = YES;
				CLANG_WARN_DIRECT_OBJC_ISA_USAGE = YES_ERROR;
				CLANG_WARN_EMPTY_BODY = YES;
				CLANG_WARN_ENUM_CONVERSION = YES;
				CLANG_WARN_INT_CONVERSION = YES;
				CLANG_WARN_OBJC_ROOT_CLASS = YES_ERROR;
				CLANG_WARN_UNREACHABLE_CODE = YES;
				CLANG_WARN__DUPLICATE_METHOD_MATCH = YES;
				"CODE_SIGN_IDENTITY[sdk=iphoneos*]" = "iPhone Developer";
				COPY_PHASE_STRIP = NO;
				DEBUG_INFORMATION_FORMAT = dwarf;
				ENABLE_STRICT_OBJC_MSGSEND = YES;
				ENABLE_TESTABILITY = YES;
				GCC_C_LANGUAGE_STANDARD = gnu99;
				GCC_DYNAMIC_NO_PIC = NO;
				GCC_NO_COMMON_BLOCKS = YES;
				GCC_OPTIMIZATION_LEVEL = 0;
				GCC_PREPROCESSOR_DEFINITIONS = (
					"DEBUG=1",
					"$(inherited)",
				);
				GCC_WARN_64_TO_32_BIT_CONVERSION = YES;
				GCC_WARN_ABOUT_RETURN_TYPE = YES_ERROR;
				GCC_WARN_UNDECLARED_SELECTOR = YES;
				GCC_WARN_UNINITIALIZED_AUTOS = YES_AGGRESSIVE;
				GCC_WARN_UNUSED_FUNCTION = YES;
				GCC_WARN_UNUSED_VARIABLE = YES;
				IPHONEOS_DEPLOYMENT_TARGET = 9.2;
				MTL_ENABLE_DEBUG_INFO = YES;
				ONLY_ACTIVE_ARCH = YES;
				SDKROOT = iphoneos;
				SWIFT_OPTIMIZATION_LEVEL = "-Onone";
			};
			name = Debug;
		};
		D3091FBD1C56E4C6007CF290 /* Release */ = {
			isa = XCBuildConfiguration;
			buildSettings = {
				ALWAYS_SEARCH_USER_PATHS = NO;
				CLANG_CXX_LANGUAGE_STANDARD = "gnu++0x";
				CLANG_CXX_LIBRARY = "libc++";
				CLANG_ENABLE_MODULES = YES;
				CLANG_ENABLE_OBJC_ARC = YES;
				CLANG_WARN_BOOL_CONVERSION = YES;
				CLANG_WARN_CONSTANT_CONVERSION = YES;
				CLANG_WARN_DIRECT_OBJC_ISA_USAGE = YES_ERROR;
				CLANG_WARN_EMPTY_BODY = YES;
				CLANG_WARN_ENUM_CONVERSION = YES;
				CLANG_WARN_INT_CONVERSION = YES;
				CLANG_WARN_OBJC_ROOT_CLASS = YES_ERROR;
				CLANG_WARN_UNREACHABLE_CODE = YES;
				CLANG_WARN__DUPLICATE_METHOD_MATCH = YES;
				"CODE_SIGN_IDENTITY[sdk=iphoneos*]" = "iPhone Developer";
				COPY_PHASE_STRIP = NO;
				DEBUG_INFORMATION_FORMAT = "dwarf-with-dsym";
				ENABLE_NS_ASSERTIONS = NO;
				ENABLE_STRICT_OBJC_MSGSEND = YES;
				GCC_C_LANGUAGE_STANDARD = gnu99;
				GCC_NO_COMMON_BLOCKS = YES;
				GCC_WARN_64_TO_32_BIT_CONVERSION = YES;
				GCC_WARN_ABOUT_RETURN_TYPE = YES_ERROR;
				GCC_WARN_UNDECLARED_SELECTOR = YES;
				GCC_WARN_UNINITIALIZED_AUTOS = YES_AGGRESSIVE;
				GCC_WARN_UNUSED_FUNCTION = YES;
				GCC_WARN_UNUSED_VARIABLE = YES;
				IPHONEOS_DEPLOYMENT_TARGET = 9.2;
				MTL_ENABLE_DEBUG_INFO = NO;
				SDKROOT = iphoneos;
				VALIDATE_PRODUCT = YES;
			};
			name = Release;
		};
		D3091FBF1C56E4C6007CF290 /* Debug */ = {
			isa = XCBuildConfiguration;
			buildSettings = {
				ASSETCATALOG_COMPILER_APPICON_NAME = AppIcon;
				FRAMEWORK_SEARCH_PATHS = (
					"$(inherited)",
					"$(PROJECT_DIR)",
				);
				INFOPLIST_FILE = "St Catherine School Seattle/Info.plist";
				IPHONEOS_DEPLOYMENT_TARGET = 8.3;
				LD_RUNPATH_SEARCH_PATHS = "$(inherited) @executable_path/Frameworks";
				PRODUCT_BUNDLE_IDENTIFIER = "dberge.St-Catherine-School-Seattle";
				PRODUCT_NAME = "$(TARGET_NAME)";
			};
			name = Debug;
		};
		D3091FC01C56E4C6007CF290 /* Release */ = {
			isa = XCBuildConfiguration;
			buildSettings = {
				ASSETCATALOG_COMPILER_APPICON_NAME = AppIcon;
				FRAMEWORK_SEARCH_PATHS = (
					"$(inherited)",
					"$(PROJECT_DIR)",
				);
				INFOPLIST_FILE = "St Catherine School Seattle/Info.plist";
				IPHONEOS_DEPLOYMENT_TARGET = 8.3;
				LD_RUNPATH_SEARCH_PATHS = "$(inherited) @executable_path/Frameworks";
				PRODUCT_BUNDLE_IDENTIFIER = "dberge.St-Catherine-School-Seattle";
				PRODUCT_NAME = "$(TARGET_NAME)";
			};
			name = Release;
		};
/* End XCBuildConfiguration section */

/* Begin XCConfigurationList section */
		D3091FA51C56E4C6007CF290 /* Build configuration list for PBXProject "St Catherine School Seattle" */ = {
			isa = XCConfigurationList;
			buildConfigurations = (
				D3091FBC1C56E4C6007CF290 /* Debug */,
				D3091FBD1C56E4C6007CF290 /* Release */,
			);
			defaultConfigurationIsVisible = 0;
			defaultConfigurationName = Release;
		};
		D3091FBE1C56E4C6007CF290 /* Build configuration list for PBXNativeTarget "St Catherine School Seattle" */ = {
			isa = XCConfigurationList;
			buildConfigurations = (
				D3091FBF1C56E4C6007CF290 /* Debug */,
				D3091FC01C56E4C6007CF290 /* Release */,
			);
			defaultConfigurationIsVisible = 0;
		};
/* End XCConfigurationList section */

/* Begin XCVersionGroup section */
		D30920051C56E6C3007CF290 /* SchoolDataModel.xcdatamodeld */ = {
			isa = XCVersionGroup;
			children = (
				D30920061C56E6C3007CF290 /* SchoolDataModel.xcdatamodel */,
			);
			currentVersion = D30920061C56E6C3007CF290 /* SchoolDataModel.xcdatamodel */;
			path = SchoolDataModel.xcdatamodeld;
			sourceTree = "<group>";
			versionGroupType = wrapper.xcdatamodel;
		};
/* End XCVersionGroup section */
	};
	rootObject = D3091FA21C56E4C6007CF290 /* Project object */;
}
